// !$*UTF8*$!
{
	archiveVersion = 1;
	classes = {
	};
	objectVersion = 46;
	objects = {

/* Begin PBXBuildFile section */
		06D9548D1B283BDD00D937ED /* JModel_Member.m in Sources */ = {isa = PBXBuildFile; fileRef = 06D954861B283BDD00D937ED /* JModel_Member.m */; };
		06D9548E1B283BDD00D937ED /* JModel_Base.m in Sources */ = {isa = PBXBuildFile; fileRef = 06D954881B283BDD00D937ED /* JModel_Base.m */; };
		06D9548F1B283BDD00D937ED /* JModel_PPForm.m in Sources */ = {isa = PBXBuildFile; fileRef = 06D9548A1B283BDD00D937ED /* JModel_PPForm.m */; };
		06D954901B283BDD00D937ED /* JModel_Purpose.m in Sources */ = {isa = PBXBuildFile; fileRef = 06D9548C1B283BDD00D937ED /* JModel_Purpose.m */; };
		06D954B81B283E9800D937ED /* AFHTTPRequestOperation.m in Sources */ = {isa = PBXBuildFile; fileRef = 06D954941B283E9800D937ED /* AFHTTPRequestOperation.m */; };
		06D954B91B283E9800D937ED /* AFHTTPRequestOperationManager.m in Sources */ = {isa = PBXBuildFile; fileRef = 06D954961B283E9800D937ED /* AFHTTPRequestOperationManager.m */; };
		06D954BA1B283E9800D937ED /* AFHTTPSessionManager.m in Sources */ = {isa = PBXBuildFile; fileRef = 06D954981B283E9800D937ED /* AFHTTPSessionManager.m */; };
		06D954BB1B283E9800D937ED /* AFNetworkReachabilityManager.m in Sources */ = {isa = PBXBuildFile; fileRef = 06D9549B1B283E9800D937ED /* AFNetworkReachabilityManager.m */; };
		06D954BC1B283E9800D937ED /* AFSecurityPolicy.m in Sources */ = {isa = PBXBuildFile; fileRef = 06D9549D1B283E9800D937ED /* AFSecurityPolicy.m */; };
		06D954BD1B283E9800D937ED /* AFURLConnectionOperation.m in Sources */ = {isa = PBXBuildFile; fileRef = 06D9549F1B283E9800D937ED /* AFURLConnectionOperation.m */; };
		06D954BE1B283E9800D937ED /* AFURLRequestSerialization.m in Sources */ = {isa = PBXBuildFile; fileRef = 06D954A11B283E9800D937ED /* AFURLRequestSerialization.m */; };
		06D954BF1B283E9800D937ED /* AFURLResponseSerialization.m in Sources */ = {isa = PBXBuildFile; fileRef = 06D954A31B283E9800D937ED /* AFURLResponseSerialization.m */; };
		06D954C01B283E9800D937ED /* AFURLSessionManager.m in Sources */ = {isa = PBXBuildFile; fileRef = 06D954A51B283E9800D937ED /* AFURLSessionManager.m */; };
		06D954C11B283E9800D937ED /* AFNetworkActivityIndicatorManager.m in Sources */ = {isa = PBXBuildFile; fileRef = 06D954A81B283E9800D937ED /* AFNetworkActivityIndicatorManager.m */; };
		06D954C21B283E9800D937ED /* UIActivityIndicatorView+AFNetworking.m in Sources */ = {isa = PBXBuildFile; fileRef = 06D954AA1B283E9800D937ED /* UIActivityIndicatorView+AFNetworking.m */; };
		06D954C31B283E9800D937ED /* UIAlertView+AFNetworking.m in Sources */ = {isa = PBXBuildFile; fileRef = 06D954AC1B283E9800D937ED /* UIAlertView+AFNetworking.m */; };
		06D954C41B283E9800D937ED /* UIButton+AFNetworking.m in Sources */ = {isa = PBXBuildFile; fileRef = 06D954AE1B283E9800D937ED /* UIButton+AFNetworking.m */; };
		06D954C51B283E9800D937ED /* UIImageView+AFNetworking.m in Sources */ = {isa = PBXBuildFile; fileRef = 06D954B01B283E9800D937ED /* UIImageView+AFNetworking.m */; };
		06D954C61B283E9800D937ED /* UIProgressView+AFNetworking.m in Sources */ = {isa = PBXBuildFile; fileRef = 06D954B31B283E9800D937ED /* UIProgressView+AFNetworking.m */; };
		06D954C71B283E9800D937ED /* UIRefreshControl+AFNetworking.m in Sources */ = {isa = PBXBuildFile; fileRef = 06D954B51B283E9800D937ED /* UIRefreshControl+AFNetworking.m */; };
		06D954C81B283E9800D937ED /* UIWebView+AFNetworking.m in Sources */ = {isa = PBXBuildFile; fileRef = 06D954B71B283E9800D937ED /* UIWebView+AFNetworking.m */; };
		06D954CB1B283F4900D937ED /* AFNetworkReachability.m in Sources */ = {isa = PBXBuildFile; fileRef = 06D954CA1B283F4900D937ED /* AFNetworkReachability.m */; };
		06D954D31B2876C400D937ED /* JView_MyPicker.m in Sources */ = {isa = PBXBuildFile; fileRef = 06D954D21B2876C400D937ED /* JView_MyPicker.m */; };
		8E183FE11A1EDEC800220A52 /* CopyConnection.framework in Frameworks */ = {isa = PBXBuildFile; fileRef = 8E183FBC1A1EDEC800220A52 /* CopyConnection.framework */; };
		8E183FE21A1EDEC800220A52 /* FacebookConnection.framework in Frameworks */ = {isa = PBXBuildFile; fileRef = 8E183FBD1A1EDEC800220A52 /* FacebookConnection.framework */; };
		8E183FE31A1EDEC800220A52 /* MailConnection.framework in Frameworks */ = {isa = PBXBuildFile; fileRef = 8E183FBE1A1EDEC800220A52 /* MailConnection.framework */; };
		8E183FE41A1EDEC800220A52 /* QQConnection.framework in Frameworks */ = {isa = PBXBuildFile; fileRef = 8E183FBF1A1EDEC800220A52 /* QQConnection.framework */; };
		8E183FE51A1EDEC800220A52 /* QZoneConnection.framework in Frameworks */ = {isa = PBXBuildFile; fileRef = 8E183FC01A1EDEC800220A52 /* QZoneConnection.framework */; };
		8E183FE61A1EDEC800220A52 /* SinaWeiboConnection.framework in Frameworks */ = {isa = PBXBuildFile; fileRef = 8E183FC11A1EDEC800220A52 /* SinaWeiboConnection.framework */; };
		8E183FE71A1EDEC800220A52 /* SMSConnection.framework in Frameworks */ = {isa = PBXBuildFile; fileRef = 8E183FC21A1EDEC800220A52 /* SMSConnection.framework */; };
		8E183FE81A1EDEC800220A52 /* TencentWeiboConnection.framework in Frameworks */ = {isa = PBXBuildFile; fileRef = 8E183FC31A1EDEC800220A52 /* TencentWeiboConnection.framework */; };
		8E183FE91A1EDEC800220A52 /* TwitterConnection.framework in Frameworks */ = {isa = PBXBuildFile; fileRef = 8E183FC41A1EDEC800220A52 /* TwitterConnection.framework */; };
		8E183FEA1A1EDEC800220A52 /* WeChatConnection.framework in Frameworks */ = {isa = PBXBuildFile; fileRef = 8E183FC51A1EDEC800220A52 /* WeChatConnection.framework */; };
		8E183FEB1A1EDEC800220A52 /* AGCommon.framework in Frameworks */ = {isa = PBXBuildFile; fileRef = 8E183FC71A1EDEC800220A52 /* AGCommon.framework */; };
		8E183FEC1A1EDEC800220A52 /* ShareSDKLocalizable.strings in Resources */ = {isa = PBXBuildFile; fileRef = 8E183FC81A1EDEC800220A52 /* ShareSDKLocalizable.strings */; };
		8E183FED1A1EDEC800220A52 /* Resource.bundle in Resources */ = {isa = PBXBuildFile; fileRef = 8E183FCA1A1EDEC800220A52 /* Resource.bundle */; };
		8E183FEE1A1EDEC800220A52 /* ShareSDKCoreService.framework in Frameworks */ = {isa = PBXBuildFile; fileRef = 8E183FCB1A1EDEC800220A52 /* ShareSDKCoreService.framework */; };
		8E183FEF1A1EDEC800220A52 /* TencentOpenAPI.framework in Frameworks */ = {isa = PBXBuildFile; fileRef = 8E183FCF1A1EDEC800220A52 /* TencentOpenAPI.framework */; };
		8E183FF01A1EDEC800220A52 /* TencentOpenApi_IOS_Bundle.bundle in Resources */ = {isa = PBXBuildFile; fileRef = 8E183FD01A1EDEC800220A52 /* TencentOpenApi_IOS_Bundle.bundle */; };
		8E183FF11A1EDEC800220A52 /* libSinaWeiboSDK.a in Frameworks */ = {isa = PBXBuildFile; fileRef = 8E183FD21A1EDEC800220A52 /* libSinaWeiboSDK.a */; };
		8E183FF21A1EDEC800220A52 /* WeiboSDK.bundle in Resources */ = {isa = PBXBuildFile; fileRef = 8E183FD31A1EDEC800220A52 /* WeiboSDK.bundle */; };
		8E183FF31A1EDEC800220A52 /* libTCWeiboSDK.a in Frameworks */ = {isa = PBXBuildFile; fileRef = 8E183FD61A1EDEC800220A52 /* libTCWeiboSDK.a */; };
		8E183FF41A1EDEC800220A52 /* libWeChatSDK.a in Frameworks */ = {isa = PBXBuildFile; fileRef = 8E183FD91A1EDEC800220A52 /* libWeChatSDK.a */; };
		8E183FF51A1EDEC800220A52 /* ShareSDK.framework in Frameworks */ = {isa = PBXBuildFile; fileRef = 8E183FDC1A1EDEC800220A52 /* ShareSDK.framework */; };
		8E183FF61A1EDEC800220A52 /* ShareSDKFlatShareViewUI.bundle in Resources */ = {isa = PBXBuildFile; fileRef = 8E183FDE1A1EDEC800220A52 /* ShareSDKFlatShareViewUI.bundle */; };
		8E183FF71A1EDEC800220A52 /* ShareSDKFlatShareViewUI.framework in Frameworks */ = {isa = PBXBuildFile; fileRef = 8E183FDF1A1EDEC800220A52 /* ShareSDKFlatShareViewUI.framework */; };
		8E183FF81A1EDEC800220A52 /* ShareSDKShareActionSheet.framework in Frameworks */ = {isa = PBXBuildFile; fileRef = 8E183FE01A1EDEC800220A52 /* ShareSDKShareActionSheet.framework */; };
		8E183FFA1A1EDF1F00220A52 /* SystemConfiguration.framework in Frameworks */ = {isa = PBXBuildFile; fileRef = 8E183FF91A1EDF1F00220A52 /* SystemConfiguration.framework */; };
		8E183FFC1A1EDF2F00220A52 /* QuartzCore.framework in Frameworks */ = {isa = PBXBuildFile; fileRef = 8E183FFB1A1EDF2F00220A52 /* QuartzCore.framework */; };
		8E183FFE1A1EDF3A00220A52 /* CoreTelephony.framework in Frameworks */ = {isa = PBXBuildFile; fileRef = 8E183FFD1A1EDF3A00220A52 /* CoreTelephony.framework */; };
		8E1840001A1EDF5300220A52 /* libicucore.dylib in Frameworks */ = {isa = PBXBuildFile; fileRef = 8E183FFF1A1EDF5300220A52 /* libicucore.dylib */; };
		8E1840021A1EDF5F00220A52 /* libz.1.2.5.dylib in Frameworks */ = {isa = PBXBuildFile; fileRef = 8E1840011A1EDF5F00220A52 /* libz.1.2.5.dylib */; };
		8E1840041A1EDF6B00220A52 /* Security.framework in Frameworks */ = {isa = PBXBuildFile; fileRef = 8E1840031A1EDF6B00220A52 /* Security.framework */; };
		8E1840061A1EDFF100220A52 /* MessageUI.framework in Frameworks */ = {isa = PBXBuildFile; fileRef = 8E1840051A1EDFF100220A52 /* MessageUI.framework */; };
		8E18400A1A1EF13200220A52 /* PurposeItemView.swift in Sources */ = {isa = PBXBuildFile; fileRef = 8E1840091A1EF13200220A52 /* PurposeItemView.swift */; };
		8E18400C1A1F10F500220A52 /* GlobalConfig-Swift.swift in Sources */ = {isa = PBXBuildFile; fileRef = 8E18400B1A1F10F500220A52 /* GlobalConfig-Swift.swift */; };
		8E1C52141A120B39005A24C5 /* PurposeTimeSetViewController.m in Sources */ = {isa = PBXBuildFile; fileRef = 8E1C52131A120B39005A24C5 /* PurposeTimeSetViewController.m */; };
		8E5143871A25651100EAC511 /* UserCenterViewController.swift in Sources */ = {isa = PBXBuildFile; fileRef = 8E5143861A25651100EAC511 /* UserCenterViewController.swift */; };
		8E51438A1A257E8A00EAC511 /* ThirdLoginViewController.m in Sources */ = {isa = PBXBuildFile; fileRef = 8E5143891A257E8A00EAC511 /* ThirdLoginViewController.m */; };
		8E5E364B1A3A8F35009CB1DF /* PurposeRecordViewController.swift in Sources */ = {isa = PBXBuildFile; fileRef = 8E5E364A1A3A8F35009CB1DF /* PurposeRecordViewController.swift */; };
		8E5E36611A3A9DED009CB1DF /* CalendarDayCell.m in Sources */ = {isa = PBXBuildFile; fileRef = 8E5E36501A3A9DED009CB1DF /* CalendarDayCell.m */; };
		8E5E36621A3A9DED009CB1DF /* CalendarDayModel.m in Sources */ = {isa = PBXBuildFile; fileRef = 8E5E36521A3A9DED009CB1DF /* CalendarDayModel.m */; };
		8E5E36631A3A9DED009CB1DF /* CalendarHomeViewController.m in Sources */ = {isa = PBXBuildFile; fileRef = 8E5E36541A3A9DED009CB1DF /* CalendarHomeViewController.m */; };
		8E5E36641A3A9DED009CB1DF /* CalendarLogic.m in Sources */ = {isa = PBXBuildFile; fileRef = 8E5E36561A3A9DED009CB1DF /* CalendarLogic.m */; };
		8E5E36651A3A9DED009CB1DF /* CalendarMonthCollectionViewLayout.m in Sources */ = {isa = PBXBuildFile; fileRef = 8E5E36581A3A9DED009CB1DF /* CalendarMonthCollectionViewLayout.m */; };
		8E5E36661A3A9DED009CB1DF /* CalendarMonthHeaderView.m in Sources */ = {isa = PBXBuildFile; fileRef = 8E5E365A1A3A9DED009CB1DF /* CalendarMonthHeaderView.m */; };
		8E5E36671A3A9DED009CB1DF /* CalendarViewController.m in Sources */ = {isa = PBXBuildFile; fileRef = 8E5E365C1A3A9DED009CB1DF /* CalendarViewController.m */; };
		8E5E36681A3A9DED009CB1DF /* chack.png in Resources */ = {isa = PBXBuildFile; fileRef = 8E5E365D1A3A9DED009CB1DF /* chack.png */; };
		8E5E36691A3A9DED009CB1DF /* NSDate+WQCalendarLogic.m in Sources */ = {isa = PBXBuildFile; fileRef = 8E5E36601A3A9DED009CB1DF /* NSDate+WQCalendarLogic.m */; };
		8E6256A71A08A12100AC79B7 /* main.m in Sources */ = {isa = PBXBuildFile; fileRef = 8E6256A61A08A12100AC79B7 /* main.m */; };
		8E6256AA1A08A12100AC79B7 /* AppDelegate.m in Sources */ = {isa = PBXBuildFile; fileRef = 8E6256A91A08A12100AC79B7 /* AppDelegate.m */; };
		8E6256AD1A08A12100AC79B7 /* ViewController.m in Sources */ = {isa = PBXBuildFile; fileRef = 8E6256AC1A08A12100AC79B7 /* ViewController.m */; };
		8E6256B01A08A12100AC79B7 /* Main.storyboard in Resources */ = {isa = PBXBuildFile; fileRef = 8E6256AE1A08A12100AC79B7 /* Main.storyboard */; };
		8E6256B21A08A12100AC79B7 /* Images.xcassets in Resources */ = {isa = PBXBuildFile; fileRef = 8E6256B11A08A12100AC79B7 /* Images.xcassets */; };
		8E6256B51A08A12100AC79B7 /* LaunchScreen.xib in Resources */ = {isa = PBXBuildFile; fileRef = 8E6256B31A08A12100AC79B7 /* LaunchScreen.xib */; };
		8E6256C11A08A12100AC79B7 /* YouyiTests.m in Sources */ = {isa = PBXBuildFile; fileRef = 8E6256C01A08A12100AC79B7 /* YouyiTests.m */; };
		8E6257461A08A24B00AC79B7 /* NSData+Base64.m in Sources */ = {isa = PBXBuildFile; fileRef = 8E6256EA1A08A24B00AC79B7 /* NSData+Base64.m */; settings = {COMPILER_FLAGS = "-fno-objc-arc"; }; };
		8E6257471A08A24B00AC79B7 /* NSData+UTF_8.m in Sources */ = {isa = PBXBuildFile; fileRef = 8E6256EC1A08A24B00AC79B7 /* NSData+UTF_8.m */; };
		8E6257481A08A24B00AC79B7 /* NSObject+PGPerformSelectorOnMainThreadWithThreeObjects.m in Sources */ = {isa = PBXBuildFile; fileRef = 8E6256EE1A08A24B00AC79B7 /* NSObject+PGPerformSelectorOnMainThreadWithThreeObjects.m */; };
		8E6257491A08A24B00AC79B7 /* NSString+Base64.m in Sources */ = {isa = PBXBuildFile; fileRef = 8E6256F01A08A24B00AC79B7 /* NSString+Base64.m */; settings = {COMPILER_FLAGS = "-fno-objc-arc"; }; };
		8E62574A1A08A24B00AC79B7 /* Toast+UIView.m in Sources */ = {isa = PBXBuildFile; fileRef = 8E6256F21A08A24B00AC79B7 /* Toast+UIView.m */; };
		8E62574B1A08A24B00AC79B7 /* UIDevice-Hardware.m in Sources */ = {isa = PBXBuildFile; fileRef = 8E6256F41A08A24B00AC79B7 /* UIDevice-Hardware.m */; };
		8E62574C1A08A24B00AC79B7 /* UIView+SuperView.m in Sources */ = {isa = PBXBuildFile; fileRef = 8E6256F61A08A24B00AC79B7 /* UIView+SuperView.m */; };
		8E62574D1A08A24B00AC79B7 /* XCommon.m in Sources */ = {isa = PBXBuildFile; fileRef = 8E6256F81A08A24B00AC79B7 /* XCommon.m */; settings = {COMPILER_FLAGS = "-fno-objc-arc"; }; };
		8E62574F1A08A24B00AC79B7 /* FMDatabase.m in Sources */ = {isa = PBXBuildFile; fileRef = 8E6256FE1A08A24B00AC79B7 /* FMDatabase.m */; };
		8E6257501A08A24B00AC79B7 /* FMDatabaseAdditions.m in Sources */ = {isa = PBXBuildFile; fileRef = 8E6257001A08A24B00AC79B7 /* FMDatabaseAdditions.m */; };
		8E6257511A08A24B00AC79B7 /* FMDatabasePool.m in Sources */ = {isa = PBXBuildFile; fileRef = 8E6257021A08A24B00AC79B7 /* FMDatabasePool.m */; };
		8E6257521A08A24B00AC79B7 /* FMDatabaseQueue.m in Sources */ = {isa = PBXBuildFile; fileRef = 8E6257041A08A24B00AC79B7 /* FMDatabaseQueue.m */; };
		8E6257531A08A24B00AC79B7 /* FMResultSet.m in Sources */ = {isa = PBXBuildFile; fileRef = 8E6257071A08A24B00AC79B7 /* FMResultSet.m */; };
		8E6257541A08A24B00AC79B7 /* GuideViewController.m in Sources */ = {isa = PBXBuildFile; fileRef = 8E62570A1A08A24B00AC79B7 /* GuideViewController.m */; settings = {COMPILER_FLAGS = "-fno-objc-arc"; }; };
		8E6257551A08A24B00AC79B7 /* MJRefresh.bundle in Resources */ = {isa = PBXBuildFile; fileRef = 8E62570C1A08A24B00AC79B7 /* MJRefresh.bundle */; };
		8E6257561A08A24B00AC79B7 /* MJRefreshBaseView.m in Sources */ = {isa = PBXBuildFile; fileRef = 8E62570F1A08A24B00AC79B7 /* MJRefreshBaseView.m */; };
		8E6257571A08A24B00AC79B7 /* MJRefreshConst.m in Sources */ = {isa = PBXBuildFile; fileRef = 8E6257111A08A24B00AC79B7 /* MJRefreshConst.m */; settings = {COMPILER_FLAGS = "-fno-objc-arc"; }; };
		8E6257581A08A24B00AC79B7 /* MJRefreshFooterView.m in Sources */ = {isa = PBXBuildFile; fileRef = 8E6257131A08A24B00AC79B7 /* MJRefreshFooterView.m */; settings = {COMPILER_FLAGS = "-fno-objc-arc"; }; };
		8E6257591A08A24B00AC79B7 /* MJRefreshHeaderView.m in Sources */ = {isa = PBXBuildFile; fileRef = 8E6257151A08A24B00AC79B7 /* MJRefreshHeaderView.m */; };
		8E62575A1A08A24B00AC79B7 /* UIScrollView+Extension.m in Sources */ = {isa = PBXBuildFile; fileRef = 8E6257171A08A24B00AC79B7 /* UIScrollView+Extension.m */; };
		8E62575B1A08A24B00AC79B7 /* UIScrollView+MJRefresh.m in Sources */ = {isa = PBXBuildFile; fileRef = 8E6257191A08A24B00AC79B7 /* UIScrollView+MJRefresh.m */; };
		8E62575C1A08A24B00AC79B7 /* UIView+Extension.m in Sources */ = {isa = PBXBuildFile; fileRef = 8E62571B1A08A24B00AC79B7 /* UIView+Extension.m */; };
		8E62575D1A08A24B00AC79B7 /* OpenUDID.m in Sources */ = {isa = PBXBuildFile; fileRef = 8E62571E1A08A24B00AC79B7 /* OpenUDID.m */; settings = {COMPILER_FLAGS = "-fno-objc-arc"; }; };
		8E62575E1A08A24B00AC79B7 /* MBProgressHUD.m in Sources */ = {isa = PBXBuildFile; fileRef = 8E6257211A08A24B00AC79B7 /* MBProgressHUD.m */; settings = {COMPILER_FLAGS = "-fno-objc-arc"; }; };
		8E62575F1A08A24B00AC79B7 /* MKAnnotationView+WebCache.m in Sources */ = {isa = PBXBuildFile; fileRef = 8E6257241A08A24B00AC79B7 /* MKAnnotationView+WebCache.m */; };
		8E6257601A08A24B00AC79B7 /* SDImageCache.m in Sources */ = {isa = PBXBuildFile; fileRef = 8E6257261A08A24B00AC79B7 /* SDImageCache.m */; };
		8E6257611A08A24B00AC79B7 /* SDWebImageDecoder.m in Sources */ = {isa = PBXBuildFile; fileRef = 8E62572A1A08A24B00AC79B7 /* SDWebImageDecoder.m */; };
		8E6257621A08A24B00AC79B7 /* SDWebImageDownloader.m in Sources */ = {isa = PBXBuildFile; fileRef = 8E62572C1A08A24B00AC79B7 /* SDWebImageDownloader.m */; };
		8E6257631A08A24B00AC79B7 /* SDWebImageManager.m in Sources */ = {isa = PBXBuildFile; fileRef = 8E62572F1A08A24B00AC79B7 /* SDWebImageManager.m */; };
		8E6257641A08A24B00AC79B7 /* SDWebImagePrefetcher.m in Sources */ = {isa = PBXBuildFile; fileRef = 8E6257321A08A24B00AC79B7 /* SDWebImagePrefetcher.m */; };
		8E6257651A08A24B00AC79B7 /* UIButton+WebCache.m in Sources */ = {isa = PBXBuildFile; fileRef = 8E6257341A08A24B00AC79B7 /* UIButton+WebCache.m */; };
		8E6257661A08A24B00AC79B7 /* UIImageView+WebCache.m in Sources */ = {isa = PBXBuildFile; fileRef = 8E6257361A08A24B00AC79B7 /* UIImageView+WebCache.m */; };
		8E6257671A08A24B00AC79B7 /* libMobClickLibrary.a in Frameworks */ = {isa = PBXBuildFile; fileRef = 8E6257381A08A24B00AC79B7 /* libMobClickLibrary.a */; };
		8E6257691A08A61400AC79B7 /* UIKit.framework in Frameworks */ = {isa = PBXBuildFile; fileRef = 8E6257681A08A61400AC79B7 /* UIKit.framework */; };
		8E62576B1A08A69900AC79B7 /* Foundation.framework in Frameworks */ = {isa = PBXBuildFile; fileRef = 8E62576A1A08A69900AC79B7 /* Foundation.framework */; };
		8E62576D1A08A71F00AC79B7 /* CoreGraphics.framework in Frameworks */ = {isa = PBXBuildFile; fileRef = 8E62576C1A08A71F00AC79B7 /* CoreGraphics.framework */; };
		8E9CDC3F1A08A9B200D78F26 /* JBaseViewController.m in Sources */ = {isa = PBXBuildFile; fileRef = 8E9CDC3E1A08A9B200D78F26 /* JBaseViewController.m */; };
		8E9CDC421A08ADDE00D78F26 /* libsqlite3.dylib in Frameworks */ = {isa = PBXBuildFile; fileRef = 8E9CDC411A08ADDE00D78F26 /* libsqlite3.dylib */; };
		8E9CDC451A09BFD300D78F26 /* HomeViewController.m in Sources */ = {isa = PBXBuildFile; fileRef = 8E9CDC441A09BFD300D78F26 /* HomeViewController.m */; };
		8EF745291A0B0B89005B47A8 /* PurposeCreateViewController.m in Sources */ = {isa = PBXBuildFile; fileRef = 8EF745281A0B0B89005B47A8 /* PurposeCreateViewController.m */; };
		8EF7452F1A0B10DE005B47A8 /* UITextField+LabelAndImage.m in Sources */ = {isa = PBXBuildFile; fileRef = 8EF7452E1A0B10DE005B47A8 /* UITextField+LabelAndImage.m */; };
/* End PBXBuildFile section */

/* Begin PBXContainerItemProxy section */
		8E6256BB1A08A12100AC79B7 /* PBXContainerItemProxy */ = {
			isa = PBXContainerItemProxy;
			containerPortal = 8E6256991A08A12100AC79B7 /* Project object */;
			proxyType = 1;
			remoteGlobalIDString = 8E6256A01A08A12100AC79B7;
			remoteInfo = Youyi;
		};
/* End PBXContainerItemProxy section */

/* Begin PBXFileReference section */
		06D954851B283BDD00D937ED /* JModel_Member.h */ = {isa = PBXFileReference; fileEncoding = 4; lastKnownFileType = sourcecode.c.h; path = JModel_Member.h; sourceTree = "<group>"; };
		06D954861B283BDD00D937ED /* JModel_Member.m */ = {isa = PBXFileReference; fileEncoding = 4; lastKnownFileType = sourcecode.c.objc; path = JModel_Member.m; sourceTree = "<group>"; };
		06D954871B283BDD00D937ED /* JModel_Base.h */ = {isa = PBXFileReference; fileEncoding = 4; lastKnownFileType = sourcecode.c.h; path = JModel_Base.h; sourceTree = "<group>"; };
		06D954881B283BDD00D937ED /* JModel_Base.m */ = {isa = PBXFileReference; fileEncoding = 4; lastKnownFileType = sourcecode.c.objc; path = JModel_Base.m; sourceTree = "<group>"; };
		06D954891B283BDD00D937ED /* JModel_PPForm.h */ = {isa = PBXFileReference; fileEncoding = 4; lastKnownFileType = sourcecode.c.h; path = JModel_PPForm.h; sourceTree = "<group>"; };
		06D9548A1B283BDD00D937ED /* JModel_PPForm.m */ = {isa = PBXFileReference; fileEncoding = 4; lastKnownFileType = sourcecode.c.objc; path = JModel_PPForm.m; sourceTree = "<group>"; };
		06D9548B1B283BDD00D937ED /* JModel_Purpose.h */ = {isa = PBXFileReference; fileEncoding = 4; lastKnownFileType = sourcecode.c.h; path = JModel_Purpose.h; sourceTree = "<group>"; };
		06D9548C1B283BDD00D937ED /* JModel_Purpose.m */ = {isa = PBXFileReference; fileEncoding = 4; lastKnownFileType = sourcecode.c.objc; path = JModel_Purpose.m; sourceTree = "<group>"; };
		06D954931B283E9800D937ED /* AFHTTPRequestOperation.h */ = {isa = PBXFileReference; fileEncoding = 4; lastKnownFileType = sourcecode.c.h; path = AFHTTPRequestOperation.h; sourceTree = "<group>"; };
		06D954941B283E9800D937ED /* AFHTTPRequestOperation.m */ = {isa = PBXFileReference; fileEncoding = 4; lastKnownFileType = sourcecode.c.objc; path = AFHTTPRequestOperation.m; sourceTree = "<group>"; };
		06D954951B283E9800D937ED /* AFHTTPRequestOperationManager.h */ = {isa = PBXFileReference; fileEncoding = 4; lastKnownFileType = sourcecode.c.h; path = AFHTTPRequestOperationManager.h; sourceTree = "<group>"; };
		06D954961B283E9800D937ED /* AFHTTPRequestOperationManager.m */ = {isa = PBXFileReference; fileEncoding = 4; lastKnownFileType = sourcecode.c.objc; path = AFHTTPRequestOperationManager.m; sourceTree = "<group>"; };
		06D954971B283E9800D937ED /* AFHTTPSessionManager.h */ = {isa = PBXFileReference; fileEncoding = 4; lastKnownFileType = sourcecode.c.h; path = AFHTTPSessionManager.h; sourceTree = "<group>"; };
		06D954981B283E9800D937ED /* AFHTTPSessionManager.m */ = {isa = PBXFileReference; fileEncoding = 4; lastKnownFileType = sourcecode.c.objc; path = AFHTTPSessionManager.m; sourceTree = "<group>"; };
		06D954991B283E9800D937ED /* AFNetworking.h */ = {isa = PBXFileReference; fileEncoding = 4; lastKnownFileType = sourcecode.c.h; path = AFNetworking.h; sourceTree = "<group>"; };
		06D9549A1B283E9800D937ED /* AFNetworkReachabilityManager.h */ = {isa = PBXFileReference; fileEncoding = 4; lastKnownFileType = sourcecode.c.h; path = AFNetworkReachabilityManager.h; sourceTree = "<group>"; };
		06D9549B1B283E9800D937ED /* AFNetworkReachabilityManager.m */ = {isa = PBXFileReference; fileEncoding = 4; lastKnownFileType = sourcecode.c.objc; path = AFNetworkReachabilityManager.m; sourceTree = "<group>"; };
		06D9549C1B283E9800D937ED /* AFSecurityPolicy.h */ = {isa = PBXFileReference; fileEncoding = 4; lastKnownFileType = sourcecode.c.h; path = AFSecurityPolicy.h; sourceTree = "<group>"; };
		06D9549D1B283E9800D937ED /* AFSecurityPolicy.m */ = {isa = PBXFileReference; fileEncoding = 4; lastKnownFileType = sourcecode.c.objc; path = AFSecurityPolicy.m; sourceTree = "<group>"; };
		06D9549E1B283E9800D937ED /* AFURLConnectionOperation.h */ = {isa = PBXFileReference; fileEncoding = 4; lastKnownFileType = sourcecode.c.h; path = AFURLConnectionOperation.h; sourceTree = "<group>"; };
		06D9549F1B283E9800D937ED /* AFURLConnectionOperation.m */ = {isa = PBXFileReference; fileEncoding = 4; lastKnownFileType = sourcecode.c.objc; path = AFURLConnectionOperation.m; sourceTree = "<group>"; };
		06D954A01B283E9800D937ED /* AFURLRequestSerialization.h */ = {isa = PBXFileReference; fileEncoding = 4; lastKnownFileType = sourcecode.c.h; path = AFURLRequestSerialization.h; sourceTree = "<group>"; };
		06D954A11B283E9800D937ED /* AFURLRequestSerialization.m */ = {isa = PBXFileReference; fileEncoding = 4; lastKnownFileType = sourcecode.c.objc; path = AFURLRequestSerialization.m; sourceTree = "<group>"; };
		06D954A21B283E9800D937ED /* AFURLResponseSerialization.h */ = {isa = PBXFileReference; fileEncoding = 4; lastKnownFileType = sourcecode.c.h; path = AFURLResponseSerialization.h; sourceTree = "<group>"; };
		06D954A31B283E9800D937ED /* AFURLResponseSerialization.m */ = {isa = PBXFileReference; fileEncoding = 4; lastKnownFileType = sourcecode.c.objc; path = AFURLResponseSerialization.m; sourceTree = "<group>"; };
		06D954A41B283E9800D937ED /* AFURLSessionManager.h */ = {isa = PBXFileReference; fileEncoding = 4; lastKnownFileType = sourcecode.c.h; path = AFURLSessionManager.h; sourceTree = "<group>"; };
		06D954A51B283E9800D937ED /* AFURLSessionManager.m */ = {isa = PBXFileReference; fileEncoding = 4; lastKnownFileType = sourcecode.c.objc; path = AFURLSessionManager.m; sourceTree = "<group>"; };
		06D954A71B283E9800D937ED /* AFNetworkActivityIndicatorManager.h */ = {isa = PBXFileReference; fileEncoding = 4; lastKnownFileType = sourcecode.c.h; path = AFNetworkActivityIndicatorManager.h; sourceTree = "<group>"; };
		06D954A81B283E9800D937ED /* AFNetworkActivityIndicatorManager.m */ = {isa = PBXFileReference; fileEncoding = 4; lastKnownFileType = sourcecode.c.objc; path = AFNetworkActivityIndicatorManager.m; sourceTree = "<group>"; };
		06D954A91B283E9800D937ED /* UIActivityIndicatorView+AFNetworking.h */ = {isa = PBXFileReference; fileEncoding = 4; lastKnownFileType = sourcecode.c.h; path = "UIActivityIndicatorView+AFNetworking.h"; sourceTree = "<group>"; };
		06D954AA1B283E9800D937ED /* UIActivityIndicatorView+AFNetworking.m */ = {isa = PBXFileReference; fileEncoding = 4; lastKnownFileType = sourcecode.c.objc; path = "UIActivityIndicatorView+AFNetworking.m"; sourceTree = "<group>"; };
		06D954AB1B283E9800D937ED /* UIAlertView+AFNetworking.h */ = {isa = PBXFileReference; fileEncoding = 4; lastKnownFileType = sourcecode.c.h; path = "UIAlertView+AFNetworking.h"; sourceTree = "<group>"; };
		06D954AC1B283E9800D937ED /* UIAlertView+AFNetworking.m */ = {isa = PBXFileReference; fileEncoding = 4; lastKnownFileType = sourcecode.c.objc; path = "UIAlertView+AFNetworking.m"; sourceTree = "<group>"; };
		06D954AD1B283E9800D937ED /* UIButton+AFNetworking.h */ = {isa = PBXFileReference; fileEncoding = 4; lastKnownFileType = sourcecode.c.h; path = "UIButton+AFNetworking.h"; sourceTree = "<group>"; };
		06D954AE1B283E9800D937ED /* UIButton+AFNetworking.m */ = {isa = PBXFileReference; fileEncoding = 4; lastKnownFileType = sourcecode.c.objc; path = "UIButton+AFNetworking.m"; sourceTree = "<group>"; };
		06D954AF1B283E9800D937ED /* UIImageView+AFNetworking.h */ = {isa = PBXFileReference; fileEncoding = 4; lastKnownFileType = sourcecode.c.h; path = "UIImageView+AFNetworking.h"; sourceTree = "<group>"; };
		06D954B01B283E9800D937ED /* UIImageView+AFNetworking.m */ = {isa = PBXFileReference; fileEncoding = 4; lastKnownFileType = sourcecode.c.objc; path = "UIImageView+AFNetworking.m"; sourceTree = "<group>"; };
		06D954B11B283E9800D937ED /* UIKit+AFNetworking.h */ = {isa = PBXFileReference; fileEncoding = 4; lastKnownFileType = sourcecode.c.h; path = "UIKit+AFNetworking.h"; sourceTree = "<group>"; };
		06D954B21B283E9800D937ED /* UIProgressView+AFNetworking.h */ = {isa = PBXFileReference; fileEncoding = 4; lastKnownFileType = sourcecode.c.h; path = "UIProgressView+AFNetworking.h"; sourceTree = "<group>"; };
		06D954B31B283E9800D937ED /* UIProgressView+AFNetworking.m */ = {isa = PBXFileReference; fileEncoding = 4; lastKnownFileType = sourcecode.c.objc; path = "UIProgressView+AFNetworking.m"; sourceTree = "<group>"; };
		06D954B41B283E9800D937ED /* UIRefreshControl+AFNetworking.h */ = {isa = PBXFileReference; fileEncoding = 4; lastKnownFileType = sourcecode.c.h; path = "UIRefreshControl+AFNetworking.h"; sourceTree = "<group>"; };
		06D954B51B283E9800D937ED /* UIRefreshControl+AFNetworking.m */ = {isa = PBXFileReference; fileEncoding = 4; lastKnownFileType = sourcecode.c.objc; path = "UIRefreshControl+AFNetworking.m"; sourceTree = "<group>"; };
		06D954B61B283E9800D937ED /* UIWebView+AFNetworking.h */ = {isa = PBXFileReference; fileEncoding = 4; lastKnownFileType = sourcecode.c.h; path = "UIWebView+AFNetworking.h"; sourceTree = "<group>"; };
		06D954B71B283E9800D937ED /* UIWebView+AFNetworking.m */ = {isa = PBXFileReference; fileEncoding = 4; lastKnownFileType = sourcecode.c.objc; path = "UIWebView+AFNetworking.m"; sourceTree = "<group>"; };
		06D954C91B283F4900D937ED /* AFNetworkReachability.h */ = {isa = PBXFileReference; fileEncoding = 4; lastKnownFileType = sourcecode.c.h; path = AFNetworkReachability.h; sourceTree = "<group>"; };
		06D954CA1B283F4900D937ED /* AFNetworkReachability.m */ = {isa = PBXFileReference; fileEncoding = 4; lastKnownFileType = sourcecode.c.objc; path = AFNetworkReachability.m; sourceTree = "<group>"; };
		06D954D11B2876C400D937ED /* JView_MyPicker.h */ = {isa = PBXFileReference; fileEncoding = 4; lastKnownFileType = sourcecode.c.h; path = JView_MyPicker.h; sourceTree = "<group>"; };
		06D954D21B2876C400D937ED /* JView_MyPicker.m */ = {isa = PBXFileReference; fileEncoding = 4; lastKnownFileType = sourcecode.c.objc; path = JView_MyPicker.m; sourceTree = "<group>"; };
		8E183FBC1A1EDEC800220A52 /* CopyConnection.framework */ = {isa = PBXFileReference; lastKnownFileType = wrapper.framework; path = CopyConnection.framework; sourceTree = "<group>"; };
		8E183FBD1A1EDEC800220A52 /* FacebookConnection.framework */ = {isa = PBXFileReference; lastKnownFileType = wrapper.framework; path = FacebookConnection.framework; sourceTree = "<group>"; };
		8E183FBE1A1EDEC800220A52 /* MailConnection.framework */ = {isa = PBXFileReference; lastKnownFileType = wrapper.framework; path = MailConnection.framework; sourceTree = "<group>"; };
		8E183FBF1A1EDEC800220A52 /* QQConnection.framework */ = {isa = PBXFileReference; lastKnownFileType = wrapper.framework; path = QQConnection.framework; sourceTree = "<group>"; };
		8E183FC01A1EDEC800220A52 /* QZoneConnection.framework */ = {isa = PBXFileReference; lastKnownFileType = wrapper.framework; path = QZoneConnection.framework; sourceTree = "<group>"; };
		8E183FC11A1EDEC800220A52 /* SinaWeiboConnection.framework */ = {isa = PBXFileReference; lastKnownFileType = wrapper.framework; path = SinaWeiboConnection.framework; sourceTree = "<group>"; };
		8E183FC21A1EDEC800220A52 /* SMSConnection.framework */ = {isa = PBXFileReference; lastKnownFileType = wrapper.framework; path = SMSConnection.framework; sourceTree = "<group>"; };
		8E183FC31A1EDEC800220A52 /* TencentWeiboConnection.framework */ = {isa = PBXFileReference; lastKnownFileType = wrapper.framework; path = TencentWeiboConnection.framework; sourceTree = "<group>"; };
		8E183FC41A1EDEC800220A52 /* TwitterConnection.framework */ = {isa = PBXFileReference; lastKnownFileType = wrapper.framework; path = TwitterConnection.framework; sourceTree = "<group>"; };
		8E183FC51A1EDEC800220A52 /* WeChatConnection.framework */ = {isa = PBXFileReference; lastKnownFileType = wrapper.framework; path = WeChatConnection.framework; sourceTree = "<group>"; };
		8E183FC71A1EDEC800220A52 /* AGCommon.framework */ = {isa = PBXFileReference; lastKnownFileType = wrapper.framework; path = AGCommon.framework; sourceTree = "<group>"; };
		8E183FC91A1EDEC800220A52 /* en */ = {isa = PBXFileReference; lastKnownFileType = text.plist.strings; name = en; path = en.lproj/ShareSDKLocalizable.strings; sourceTree = "<group>"; };
		8E183FCA1A1EDEC800220A52 /* Resource.bundle */ = {isa = PBXFileReference; lastKnownFileType = "wrapper.plug-in"; path = Resource.bundle; sourceTree = "<group>"; };
		8E183FCB1A1EDEC800220A52 /* ShareSDKCoreService.framework */ = {isa = PBXFileReference; lastKnownFileType = wrapper.framework; path = ShareSDKCoreService.framework; sourceTree = "<group>"; };
		8E183FCC1A1EDEC800220A52 /* zh-Hans */ = {isa = PBXFileReference; lastKnownFileType = text.plist.strings; name = "zh-Hans"; path = "zh-Hans.lproj/ShareSDKLocalizable.strings"; sourceTree = "<group>"; };
		8E183FCF1A1EDEC800220A52 /* TencentOpenAPI.framework */ = {isa = PBXFileReference; lastKnownFileType = wrapper.framework; path = TencentOpenAPI.framework; sourceTree = "<group>"; };
		8E183FD01A1EDEC800220A52 /* TencentOpenApi_IOS_Bundle.bundle */ = {isa = PBXFileReference; lastKnownFileType = "wrapper.plug-in"; path = TencentOpenApi_IOS_Bundle.bundle; sourceTree = "<group>"; };
		8E183FD21A1EDEC800220A52 /* libSinaWeiboSDK.a */ = {isa = PBXFileReference; lastKnownFileType = archive.ar; path = libSinaWeiboSDK.a; sourceTree = "<group>"; };
		8E183FD31A1EDEC800220A52 /* WeiboSDK.bundle */ = {isa = PBXFileReference; lastKnownFileType = "wrapper.plug-in"; path = WeiboSDK.bundle; sourceTree = "<group>"; };
		8E183FD41A1EDEC800220A52 /* WeiboSDK.h */ = {isa = PBXFileReference; fileEncoding = 4; lastKnownFileType = sourcecode.c.h; path = WeiboSDK.h; sourceTree = "<group>"; };
		8E183FD61A1EDEC800220A52 /* libTCWeiboSDK.a */ = {isa = PBXFileReference; lastKnownFileType = archive.ar; path = libTCWeiboSDK.a; sourceTree = "<group>"; };
		8E183FD71A1EDEC800220A52 /* WeiboApi.h */ = {isa = PBXFileReference; fileEncoding = 4; lastKnownFileType = sourcecode.c.h; path = WeiboApi.h; sourceTree = "<group>"; };
		8E183FD91A1EDEC800220A52 /* libWeChatSDK.a */ = {isa = PBXFileReference; lastKnownFileType = archive.ar; path = libWeChatSDK.a; sourceTree = "<group>"; };
		8E183FDA1A1EDEC800220A52 /* WXApi.h */ = {isa = PBXFileReference; fileEncoding = 4; lastKnownFileType = sourcecode.c.h; path = WXApi.h; sourceTree = "<group>"; };
		8E183FDB1A1EDEC800220A52 /* WXApiObject.h */ = {isa = PBXFileReference; fileEncoding = 4; lastKnownFileType = sourcecode.c.h; path = WXApiObject.h; sourceTree = "<group>"; };
		8E183FDC1A1EDEC800220A52 /* ShareSDK.framework */ = {isa = PBXFileReference; lastKnownFileType = wrapper.framework; path = ShareSDK.framework; sourceTree = "<group>"; };
		8E183FDE1A1EDEC800220A52 /* ShareSDKFlatShareViewUI.bundle */ = {isa = PBXFileReference; lastKnownFileType = "wrapper.plug-in"; path = ShareSDKFlatShareViewUI.bundle; sourceTree = "<group>"; };
		8E183FDF1A1EDEC800220A52 /* ShareSDKFlatShareViewUI.framework */ = {isa = PBXFileReference; lastKnownFileType = wrapper.framework; path = ShareSDKFlatShareViewUI.framework; sourceTree = "<group>"; };
		8E183FE01A1EDEC800220A52 /* ShareSDKShareActionSheet.framework */ = {isa = PBXFileReference; lastKnownFileType = wrapper.framework; path = ShareSDKShareActionSheet.framework; sourceTree = "<group>"; };
		8E183FF91A1EDF1F00220A52 /* SystemConfiguration.framework */ = {isa = PBXFileReference; lastKnownFileType = wrapper.framework; name = SystemConfiguration.framework; path = System/Library/Frameworks/SystemConfiguration.framework; sourceTree = SDKROOT; };
		8E183FFB1A1EDF2F00220A52 /* QuartzCore.framework */ = {isa = PBXFileReference; lastKnownFileType = wrapper.framework; name = QuartzCore.framework; path = System/Library/Frameworks/QuartzCore.framework; sourceTree = SDKROOT; };
		8E183FFD1A1EDF3A00220A52 /* CoreTelephony.framework */ = {isa = PBXFileReference; lastKnownFileType = wrapper.framework; name = CoreTelephony.framework; path = System/Library/Frameworks/CoreTelephony.framework; sourceTree = SDKROOT; };
		8E183FFF1A1EDF5300220A52 /* libicucore.dylib */ = {isa = PBXFileReference; lastKnownFileType = "compiled.mach-o.dylib"; name = libicucore.dylib; path = usr/lib/libicucore.dylib; sourceTree = SDKROOT; };
		8E1840011A1EDF5F00220A52 /* libz.1.2.5.dylib */ = {isa = PBXFileReference; lastKnownFileType = "compiled.mach-o.dylib"; name = libz.1.2.5.dylib; path = usr/lib/libz.1.2.5.dylib; sourceTree = SDKROOT; };
		8E1840031A1EDF6B00220A52 /* Security.framework */ = {isa = PBXFileReference; lastKnownFileType = wrapper.framework; name = Security.framework; path = System/Library/Frameworks/Security.framework; sourceTree = SDKROOT; };
		8E1840051A1EDFF100220A52 /* MessageUI.framework */ = {isa = PBXFileReference; lastKnownFileType = wrapper.framework; name = MessageUI.framework; path = System/Library/Frameworks/MessageUI.framework; sourceTree = SDKROOT; };
		8E1840081A1EF13100220A52 /* Youyi-Bridging-Header.h */ = {isa = PBXFileReference; lastKnownFileType = sourcecode.c.h; path = "Youyi-Bridging-Header.h"; sourceTree = "<group>"; };
		8E1840091A1EF13200220A52 /* PurposeItemView.swift */ = {isa = PBXFileReference; fileEncoding = 4; lastKnownFileType = sourcecode.swift; path = PurposeItemView.swift; sourceTree = "<group>"; };
		8E18400B1A1F10F500220A52 /* GlobalConfig-Swift.swift */ = {isa = PBXFileReference; fileEncoding = 4; lastKnownFileType = sourcecode.swift; path = "GlobalConfig-Swift.swift"; sourceTree = "<group>"; };
		8E1C52121A120B39005A24C5 /* PurposeTimeSetViewController.h */ = {isa = PBXFileReference; fileEncoding = 4; lastKnownFileType = sourcecode.c.h; path = PurposeTimeSetViewController.h; sourceTree = "<group>"; };
		8E1C52131A120B39005A24C5 /* PurposeTimeSetViewController.m */ = {isa = PBXFileReference; fileEncoding = 4; lastKnownFileType = sourcecode.c.objc; path = PurposeTimeSetViewController.m; sourceTree = "<group>"; };
		8E5143861A25651100EAC511 /* UserCenterViewController.swift */ = {isa = PBXFileReference; fileEncoding = 4; lastKnownFileType = sourcecode.swift; path = UserCenterViewController.swift; sourceTree = "<group>"; };
		8E5143881A257E8A00EAC511 /* ThirdLoginViewController.h */ = {isa = PBXFileReference; fileEncoding = 4; lastKnownFileType = sourcecode.c.h; path = ThirdLoginViewController.h; sourceTree = "<group>"; };
		8E5143891A257E8A00EAC511 /* ThirdLoginViewController.m */ = {isa = PBXFileReference; fileEncoding = 4; lastKnownFileType = sourcecode.c.objc; path = ThirdLoginViewController.m; sourceTree = "<group>"; };
		8E5E364A1A3A8F35009CB1DF /* PurposeRecordViewController.swift */ = {isa = PBXFileReference; fileEncoding = 4; lastKnownFileType = sourcecode.swift; path = PurposeRecordViewController.swift; sourceTree = "<group>"; };
		8E5E364F1A3A9DED009CB1DF /* CalendarDayCell.h */ = {isa = PBXFileReference; fileEncoding = 4; lastKnownFileType = sourcecode.c.h; path = CalendarDayCell.h; sourceTree = "<group>"; };
		8E5E36501A3A9DED009CB1DF /* CalendarDayCell.m */ = {isa = PBXFileReference; fileEncoding = 4; lastKnownFileType = sourcecode.c.objc; path = CalendarDayCell.m; sourceTree = "<group>"; };
		8E5E36511A3A9DED009CB1DF /* CalendarDayModel.h */ = {isa = PBXFileReference; fileEncoding = 4; lastKnownFileType = sourcecode.c.h; path = CalendarDayModel.h; sourceTree = "<group>"; };
		8E5E36521A3A9DED009CB1DF /* CalendarDayModel.m */ = {isa = PBXFileReference; fileEncoding = 4; lastKnownFileType = sourcecode.c.objc; path = CalendarDayModel.m; sourceTree = "<group>"; };
		8E5E36531A3A9DED009CB1DF /* CalendarHomeViewController.h */ = {isa = PBXFileReference; fileEncoding = 4; lastKnownFileType = sourcecode.c.h; path = CalendarHomeViewController.h; sourceTree = "<group>"; };
		8E5E36541A3A9DED009CB1DF /* CalendarHomeViewController.m */ = {isa = PBXFileReference; fileEncoding = 4; lastKnownFileType = sourcecode.c.objc; path = CalendarHomeViewController.m; sourceTree = "<group>"; };
		8E5E36551A3A9DED009CB1DF /* CalendarLogic.h */ = {isa = PBXFileReference; fileEncoding = 4; lastKnownFileType = sourcecode.c.h; path = CalendarLogic.h; sourceTree = "<group>"; };
		8E5E36561A3A9DED009CB1DF /* CalendarLogic.m */ = {isa = PBXFileReference; fileEncoding = 4; lastKnownFileType = sourcecode.c.objc; path = CalendarLogic.m; sourceTree = "<group>"; };
		8E5E36571A3A9DED009CB1DF /* CalendarMonthCollectionViewLayout.h */ = {isa = PBXFileReference; fileEncoding = 4; lastKnownFileType = sourcecode.c.h; path = CalendarMonthCollectionViewLayout.h; sourceTree = "<group>"; };
		8E5E36581A3A9DED009CB1DF /* CalendarMonthCollectionViewLayout.m */ = {isa = PBXFileReference; fileEncoding = 4; lastKnownFileType = sourcecode.c.objc; path = CalendarMonthCollectionViewLayout.m; sourceTree = "<group>"; };
		8E5E36591A3A9DED009CB1DF /* CalendarMonthHeaderView.h */ = {isa = PBXFileReference; fileEncoding = 4; lastKnownFileType = sourcecode.c.h; path = CalendarMonthHeaderView.h; sourceTree = "<group>"; };
		8E5E365A1A3A9DED009CB1DF /* CalendarMonthHeaderView.m */ = {isa = PBXFileReference; fileEncoding = 4; lastKnownFileType = sourcecode.c.objc; path = CalendarMonthHeaderView.m; sourceTree = "<group>"; };
		8E5E365B1A3A9DED009CB1DF /* CalendarViewController.h */ = {isa = PBXFileReference; fileEncoding = 4; lastKnownFileType = sourcecode.c.h; path = CalendarViewController.h; sourceTree = "<group>"; };
		8E5E365C1A3A9DED009CB1DF /* CalendarViewController.m */ = {isa = PBXFileReference; fileEncoding = 4; lastKnownFileType = sourcecode.c.objc; path = CalendarViewController.m; sourceTree = "<group>"; };
		8E5E365D1A3A9DED009CB1DF /* chack.png */ = {isa = PBXFileReference; lastKnownFileType = image.png; path = chack.png; sourceTree = "<group>"; };
		8E5E365E1A3A9DED009CB1DF /* Color.h */ = {isa = PBXFileReference; fileEncoding = 4; lastKnownFileType = sourcecode.c.h; path = Color.h; sourceTree = "<group>"; };
		8E5E365F1A3A9DED009CB1DF /* NSDate+WQCalendarLogic.h */ = {isa = PBXFileReference; fileEncoding = 4; lastKnownFileType = sourcecode.c.h; path = "NSDate+WQCalendarLogic.h"; sourceTree = "<group>"; };
		8E5E36601A3A9DED009CB1DF /* NSDate+WQCalendarLogic.m */ = {isa = PBXFileReference; fileEncoding = 4; lastKnownFileType = sourcecode.c.objc; path = "NSDate+WQCalendarLogic.m"; sourceTree = "<group>"; };
		8E6256A11A08A12100AC79B7 /* Youyi.app */ = {isa = PBXFileReference; explicitFileType = wrapper.application; includeInIndex = 0; path = Youyi.app; sourceTree = BUILT_PRODUCTS_DIR; };
		8E6256A51A08A12100AC79B7 /* Info.plist */ = {isa = PBXFileReference; lastKnownFileType = text.plist.xml; path = Info.plist; sourceTree = "<group>"; };
		8E6256A61A08A12100AC79B7 /* main.m */ = {isa = PBXFileReference; lastKnownFileType = sourcecode.c.objc; path = main.m; sourceTree = "<group>"; };
		8E6256A81A08A12100AC79B7 /* AppDelegate.h */ = {isa = PBXFileReference; lastKnownFileType = sourcecode.c.h; path = AppDelegate.h; sourceTree = "<group>"; };
		8E6256A91A08A12100AC79B7 /* AppDelegate.m */ = {isa = PBXFileReference; lastKnownFileType = sourcecode.c.objc; path = AppDelegate.m; sourceTree = "<group>"; };
		8E6256AB1A08A12100AC79B7 /* ViewController.h */ = {isa = PBXFileReference; lastKnownFileType = sourcecode.c.h; path = ViewController.h; sourceTree = "<group>"; };
		8E6256AC1A08A12100AC79B7 /* ViewController.m */ = {isa = PBXFileReference; lastKnownFileType = sourcecode.c.objc; path = ViewController.m; sourceTree = "<group>"; };
		8E6256AF1A08A12100AC79B7 /* Base */ = {isa = PBXFileReference; lastKnownFileType = file.storyboard; name = Base; path = Base.lproj/Main.storyboard; sourceTree = "<group>"; };
		8E6256B11A08A12100AC79B7 /* Images.xcassets */ = {isa = PBXFileReference; lastKnownFileType = folder.assetcatalog; path = Images.xcassets; sourceTree = "<group>"; };
		8E6256B41A08A12100AC79B7 /* Base */ = {isa = PBXFileReference; lastKnownFileType = file.xib; name = Base; path = Base.lproj/LaunchScreen.xib; sourceTree = "<group>"; };
		8E6256BA1A08A12100AC79B7 /* YouyiTests.xctest */ = {isa = PBXFileReference; explicitFileType = wrapper.cfbundle; includeInIndex = 0; path = YouyiTests.xctest; sourceTree = BUILT_PRODUCTS_DIR; };
		8E6256BF1A08A12100AC79B7 /* Info.plist */ = {isa = PBXFileReference; lastKnownFileType = text.plist.xml; path = Info.plist; sourceTree = "<group>"; };
		8E6256C01A08A12100AC79B7 /* YouyiTests.m */ = {isa = PBXFileReference; lastKnownFileType = sourcecode.c.objc; path = YouyiTests.m; sourceTree = "<group>"; };
		8E6256CB1A08A24B00AC79B7 /* GlobalConfig.h */ = {isa = PBXFileReference; fileEncoding = 4; lastKnownFileType = sourcecode.c.h; path = GlobalConfig.h; sourceTree = "<group>"; };
		8E6256CC1A08A24B00AC79B7 /* MarkedWordsConfig.h */ = {isa = PBXFileReference; fileEncoding = 4; lastKnownFileType = sourcecode.c.h; path = MarkedWordsConfig.h; sourceTree = "<group>"; };
		8E6256E91A08A24B00AC79B7 /* NSData+Base64.h */ = {isa = PBXFileReference; fileEncoding = 4; lastKnownFileType = sourcecode.c.h; path = "NSData+Base64.h"; sourceTree = "<group>"; };
		8E6256EA1A08A24B00AC79B7 /* NSData+Base64.m */ = {isa = PBXFileReference; fileEncoding = 4; lastKnownFileType = sourcecode.c.objc; path = "NSData+Base64.m"; sourceTree = "<group>"; };
		8E6256EB1A08A24B00AC79B7 /* NSData+UTF_8.h */ = {isa = PBXFileReference; fileEncoding = 4; lastKnownFileType = sourcecode.c.h; path = "NSData+UTF_8.h"; sourceTree = "<group>"; };
		8E6256EC1A08A24B00AC79B7 /* NSData+UTF_8.m */ = {isa = PBXFileReference; fileEncoding = 4; lastKnownFileType = sourcecode.c.objc; path = "NSData+UTF_8.m"; sourceTree = "<group>"; };
		8E6256ED1A08A24B00AC79B7 /* NSObject+PGPerformSelectorOnMainThreadWithThreeObjects.h */ = {isa = PBXFileReference; fileEncoding = 4; lastKnownFileType = sourcecode.c.h; path = "NSObject+PGPerformSelectorOnMainThreadWithThreeObjects.h"; sourceTree = "<group>"; };
		8E6256EE1A08A24B00AC79B7 /* NSObject+PGPerformSelectorOnMainThreadWithThreeObjects.m */ = {isa = PBXFileReference; fileEncoding = 4; lastKnownFileType = sourcecode.c.objc; path = "NSObject+PGPerformSelectorOnMainThreadWithThreeObjects.m"; sourceTree = "<group>"; };
		8E6256EF1A08A24B00AC79B7 /* NSString+Base64.h */ = {isa = PBXFileReference; fileEncoding = 4; lastKnownFileType = sourcecode.c.h; path = "NSString+Base64.h"; sourceTree = "<group>"; };
		8E6256F01A08A24B00AC79B7 /* NSString+Base64.m */ = {isa = PBXFileReference; fileEncoding = 4; lastKnownFileType = sourcecode.c.objc; path = "NSString+Base64.m"; sourceTree = "<group>"; };
		8E6256F11A08A24B00AC79B7 /* Toast+UIView.h */ = {isa = PBXFileReference; fileEncoding = 4; lastKnownFileType = sourcecode.c.h; path = "Toast+UIView.h"; sourceTree = "<group>"; };
		8E6256F21A08A24B00AC79B7 /* Toast+UIView.m */ = {isa = PBXFileReference; fileEncoding = 4; lastKnownFileType = sourcecode.c.objc; path = "Toast+UIView.m"; sourceTree = "<group>"; };
		8E6256F31A08A24B00AC79B7 /* UIDevice-Hardware.h */ = {isa = PBXFileReference; fileEncoding = 4; lastKnownFileType = sourcecode.c.h; path = "UIDevice-Hardware.h"; sourceTree = "<group>"; };
		8E6256F41A08A24B00AC79B7 /* UIDevice-Hardware.m */ = {isa = PBXFileReference; fileEncoding = 4; lastKnownFileType = sourcecode.c.objc; path = "UIDevice-Hardware.m"; sourceTree = "<group>"; };
		8E6256F51A08A24B00AC79B7 /* UIView+SuperView.h */ = {isa = PBXFileReference; fileEncoding = 4; lastKnownFileType = sourcecode.c.h; path = "UIView+SuperView.h"; sourceTree = "<group>"; };
		8E6256F61A08A24B00AC79B7 /* UIView+SuperView.m */ = {isa = PBXFileReference; fileEncoding = 4; lastKnownFileType = sourcecode.c.objc; path = "UIView+SuperView.m"; sourceTree = "<group>"; };
		8E6256F71A08A24B00AC79B7 /* XCommon.h */ = {isa = PBXFileReference; fileEncoding = 4; lastKnownFileType = sourcecode.c.h; path = XCommon.h; sourceTree = "<group>"; };
		8E6256F81A08A24B00AC79B7 /* XCommon.m */ = {isa = PBXFileReference; fileEncoding = 4; lastKnownFileType = sourcecode.c.objc; path = XCommon.m; sourceTree = "<group>"; };
		8E6256FD1A08A24B00AC79B7 /* FMDatabase.h */ = {isa = PBXFileReference; fileEncoding = 4; lastKnownFileType = sourcecode.c.h; path = FMDatabase.h; sourceTree = "<group>"; };
		8E6256FE1A08A24B00AC79B7 /* FMDatabase.m */ = {isa = PBXFileReference; fileEncoding = 4; lastKnownFileType = sourcecode.c.objc; path = FMDatabase.m; sourceTree = "<group>"; };
		8E6256FF1A08A24B00AC79B7 /* FMDatabaseAdditions.h */ = {isa = PBXFileReference; fileEncoding = 4; lastKnownFileType = sourcecode.c.h; path = FMDatabaseAdditions.h; sourceTree = "<group>"; };
		8E6257001A08A24B00AC79B7 /* FMDatabaseAdditions.m */ = {isa = PBXFileReference; fileEncoding = 4; lastKnownFileType = sourcecode.c.objc; path = FMDatabaseAdditions.m; sourceTree = "<group>"; };
		8E6257011A08A24B00AC79B7 /* FMDatabasePool.h */ = {isa = PBXFileReference; fileEncoding = 4; lastKnownFileType = sourcecode.c.h; path = FMDatabasePool.h; sourceTree = "<group>"; };
		8E6257021A08A24B00AC79B7 /* FMDatabasePool.m */ = {isa = PBXFileReference; fileEncoding = 4; lastKnownFileType = sourcecode.c.objc; path = FMDatabasePool.m; sourceTree = "<group>"; };
		8E6257031A08A24B00AC79B7 /* FMDatabaseQueue.h */ = {isa = PBXFileReference; fileEncoding = 4; lastKnownFileType = sourcecode.c.h; path = FMDatabaseQueue.h; sourceTree = "<group>"; };
		8E6257041A08A24B00AC79B7 /* FMDatabaseQueue.m */ = {isa = PBXFileReference; fileEncoding = 4; lastKnownFileType = sourcecode.c.objc; path = FMDatabaseQueue.m; sourceTree = "<group>"; };
		8E6257051A08A24B00AC79B7 /* FMDB.h */ = {isa = PBXFileReference; fileEncoding = 4; lastKnownFileType = sourcecode.c.h; path = FMDB.h; sourceTree = "<group>"; };
		8E6257061A08A24B00AC79B7 /* FMResultSet.h */ = {isa = PBXFileReference; fileEncoding = 4; lastKnownFileType = sourcecode.c.h; path = FMResultSet.h; sourceTree = "<group>"; };
		8E6257071A08A24B00AC79B7 /* FMResultSet.m */ = {isa = PBXFileReference; fileEncoding = 4; lastKnownFileType = sourcecode.c.objc; path = FMResultSet.m; sourceTree = "<group>"; };
		8E6257091A08A24B00AC79B7 /* GuideViewController.h */ = {isa = PBXFileReference; fileEncoding = 4; lastKnownFileType = sourcecode.c.h; path = GuideViewController.h; sourceTree = "<group>"; };
		8E62570A1A08A24B00AC79B7 /* GuideViewController.m */ = {isa = PBXFileReference; fileEncoding = 4; lastKnownFileType = sourcecode.c.objc; path = GuideViewController.m; sourceTree = "<group>"; };
		8E62570C1A08A24B00AC79B7 /* MJRefresh.bundle */ = {isa = PBXFileReference; lastKnownFileType = "wrapper.plug-in"; path = MJRefresh.bundle; sourceTree = "<group>"; };
		8E62570D1A08A24B00AC79B7 /* MJRefresh.h */ = {isa = PBXFileReference; fileEncoding = 4; lastKnownFileType = sourcecode.c.h; path = MJRefresh.h; sourceTree = "<group>"; };
		8E62570E1A08A24B00AC79B7 /* MJRefreshBaseView.h */ = {isa = PBXFileReference; fileEncoding = 4; lastKnownFileType = sourcecode.c.h; path = MJRefreshBaseView.h; sourceTree = "<group>"; };
		8E62570F1A08A24B00AC79B7 /* MJRefreshBaseView.m */ = {isa = PBXFileReference; fileEncoding = 4; lastKnownFileType = sourcecode.c.objc; path = MJRefreshBaseView.m; sourceTree = "<group>"; };
		8E6257101A08A24B00AC79B7 /* MJRefreshConst.h */ = {isa = PBXFileReference; fileEncoding = 4; lastKnownFileType = sourcecode.c.h; path = MJRefreshConst.h; sourceTree = "<group>"; };
		8E6257111A08A24B00AC79B7 /* MJRefreshConst.m */ = {isa = PBXFileReference; fileEncoding = 4; lastKnownFileType = sourcecode.c.objc; path = MJRefreshConst.m; sourceTree = "<group>"; };
		8E6257121A08A24B00AC79B7 /* MJRefreshFooterView.h */ = {isa = PBXFileReference; fileEncoding = 4; lastKnownFileType = sourcecode.c.h; path = MJRefreshFooterView.h; sourceTree = "<group>"; };
		8E6257131A08A24B00AC79B7 /* MJRefreshFooterView.m */ = {isa = PBXFileReference; fileEncoding = 4; lastKnownFileType = sourcecode.c.objc; path = MJRefreshFooterView.m; sourceTree = "<group>"; };
		8E6257141A08A24B00AC79B7 /* MJRefreshHeaderView.h */ = {isa = PBXFileReference; fileEncoding = 4; lastKnownFileType = sourcecode.c.h; path = MJRefreshHeaderView.h; sourceTree = "<group>"; };
		8E6257151A08A24B00AC79B7 /* MJRefreshHeaderView.m */ = {isa = PBXFileReference; fileEncoding = 4; lastKnownFileType = sourcecode.c.objc; path = MJRefreshHeaderView.m; sourceTree = "<group>"; };
		8E6257161A08A24B00AC79B7 /* UIScrollView+Extension.h */ = {isa = PBXFileReference; fileEncoding = 4; lastKnownFileType = sourcecode.c.h; path = "UIScrollView+Extension.h"; sourceTree = "<group>"; };
		8E6257171A08A24B00AC79B7 /* UIScrollView+Extension.m */ = {isa = PBXFileReference; fileEncoding = 4; lastKnownFileType = sourcecode.c.objc; path = "UIScrollView+Extension.m"; sourceTree = "<group>"; };
		8E6257181A08A24B00AC79B7 /* UIScrollView+MJRefresh.h */ = {isa = PBXFileReference; fileEncoding = 4; lastKnownFileType = sourcecode.c.h; path = "UIScrollView+MJRefresh.h"; sourceTree = "<group>"; };
		8E6257191A08A24B00AC79B7 /* UIScrollView+MJRefresh.m */ = {isa = PBXFileReference; fileEncoding = 4; lastKnownFileType = sourcecode.c.objc; path = "UIScrollView+MJRefresh.m"; sourceTree = "<group>"; };
		8E62571A1A08A24B00AC79B7 /* UIView+Extension.h */ = {isa = PBXFileReference; fileEncoding = 4; lastKnownFileType = sourcecode.c.h; path = "UIView+Extension.h"; sourceTree = "<group>"; };
		8E62571B1A08A24B00AC79B7 /* UIView+Extension.m */ = {isa = PBXFileReference; fileEncoding = 4; lastKnownFileType = sourcecode.c.objc; path = "UIView+Extension.m"; sourceTree = "<group>"; };
		8E62571D1A08A24B00AC79B7 /* OpenUDID.h */ = {isa = PBXFileReference; fileEncoding = 4; lastKnownFileType = sourcecode.c.h; path = OpenUDID.h; sourceTree = "<group>"; };
		8E62571E1A08A24B00AC79B7 /* OpenUDID.m */ = {isa = PBXFileReference; fileEncoding = 4; lastKnownFileType = sourcecode.c.objc; path = OpenUDID.m; sourceTree = "<group>"; };
		8E6257201A08A24B00AC79B7 /* MBProgressHUD.h */ = {isa = PBXFileReference; fileEncoding = 4; lastKnownFileType = sourcecode.c.h; path = MBProgressHUD.h; sourceTree = "<group>"; };
		8E6257211A08A24B00AC79B7 /* MBProgressHUD.m */ = {isa = PBXFileReference; fileEncoding = 4; lastKnownFileType = sourcecode.c.objc; path = MBProgressHUD.m; sourceTree = "<group>"; };
		8E6257231A08A24B00AC79B7 /* MKAnnotationView+WebCache.h */ = {isa = PBXFileReference; fileEncoding = 4; lastKnownFileType = sourcecode.c.h; path = "MKAnnotationView+WebCache.h"; sourceTree = "<group>"; };
		8E6257241A08A24B00AC79B7 /* MKAnnotationView+WebCache.m */ = {isa = PBXFileReference; fileEncoding = 4; lastKnownFileType = sourcecode.c.objc; path = "MKAnnotationView+WebCache.m"; sourceTree = "<group>"; };
		8E6257251A08A24B00AC79B7 /* SDImageCache.h */ = {isa = PBXFileReference; fileEncoding = 4; lastKnownFileType = sourcecode.c.h; path = SDImageCache.h; sourceTree = "<group>"; };
		8E6257261A08A24B00AC79B7 /* SDImageCache.m */ = {isa = PBXFileReference; fileEncoding = 4; lastKnownFileType = sourcecode.c.objc; path = SDImageCache.m; sourceTree = "<group>"; };
		8E6257271A08A24B00AC79B7 /* SDImageCacheDelegate.h */ = {isa = PBXFileReference; fileEncoding = 4; lastKnownFileType = sourcecode.c.h; path = SDImageCacheDelegate.h; sourceTree = "<group>"; };
		8E6257281A08A24B00AC79B7 /* SDWebImageCompat.h */ = {isa = PBXFileReference; fileEncoding = 4; lastKnownFileType = sourcecode.c.h; path = SDWebImageCompat.h; sourceTree = "<group>"; };
		8E6257291A08A24B00AC79B7 /* SDWebImageDecoder.h */ = {isa = PBXFileReference; fileEncoding = 4; lastKnownFileType = sourcecode.c.h; path = SDWebImageDecoder.h; sourceTree = "<group>"; };
		8E62572A1A08A24B00AC79B7 /* SDWebImageDecoder.m */ = {isa = PBXFileReference; fileEncoding = 4; lastKnownFileType = sourcecode.c.objc; path = SDWebImageDecoder.m; sourceTree = "<group>"; };
		8E62572B1A08A24B00AC79B7 /* SDWebImageDownloader.h */ = {isa = PBXFileReference; fileEncoding = 4; lastKnownFileType = sourcecode.c.h; path = SDWebImageDownloader.h; sourceTree = "<group>"; };
		8E62572C1A08A24B00AC79B7 /* SDWebImageDownloader.m */ = {isa = PBXFileReference; fileEncoding = 4; lastKnownFileType = sourcecode.c.objc; path = SDWebImageDownloader.m; sourceTree = "<group>"; };
		8E62572D1A08A24B00AC79B7 /* SDWebImageDownloaderDelegate.h */ = {isa = PBXFileReference; fileEncoding = 4; lastKnownFileType = sourcecode.c.h; path = SDWebImageDownloaderDelegate.h; sourceTree = "<group>"; };
		8E62572E1A08A24B00AC79B7 /* SDWebImageManager.h */ = {isa = PBXFileReference; fileEncoding = 4; lastKnownFileType = sourcecode.c.h; path = SDWebImageManager.h; sourceTree = "<group>"; };
		8E62572F1A08A24B00AC79B7 /* SDWebImageManager.m */ = {isa = PBXFileReference; fileEncoding = 4; lastKnownFileType = sourcecode.c.objc; path = SDWebImageManager.m; sourceTree = "<group>"; };
		8E6257301A08A24B00AC79B7 /* SDWebImageManagerDelegate.h */ = {isa = PBXFileReference; fileEncoding = 4; lastKnownFileType = sourcecode.c.h; path = SDWebImageManagerDelegate.h; sourceTree = "<group>"; };
		8E6257311A08A24B00AC79B7 /* SDWebImagePrefetcher.h */ = {isa = PBXFileReference; fileEncoding = 4; lastKnownFileType = sourcecode.c.h; path = SDWebImagePrefetcher.h; sourceTree = "<group>"; };
		8E6257321A08A24B00AC79B7 /* SDWebImagePrefetcher.m */ = {isa = PBXFileReference; fileEncoding = 4; lastKnownFileType = sourcecode.c.objc; path = SDWebImagePrefetcher.m; sourceTree = "<group>"; };
		8E6257331A08A24B00AC79B7 /* UIButton+WebCache.h */ = {isa = PBXFileReference; fileEncoding = 4; lastKnownFileType = sourcecode.c.h; path = "UIButton+WebCache.h"; sourceTree = "<group>"; };
		8E6257341A08A24B00AC79B7 /* UIButton+WebCache.m */ = {isa = PBXFileReference; fileEncoding = 4; lastKnownFileType = sourcecode.c.objc; path = "UIButton+WebCache.m"; sourceTree = "<group>"; };
		8E6257351A08A24B00AC79B7 /* UIImageView+WebCache.h */ = {isa = PBXFileReference; fileEncoding = 4; lastKnownFileType = sourcecode.c.h; path = "UIImageView+WebCache.h"; sourceTree = "<group>"; };
		8E6257361A08A24B00AC79B7 /* UIImageView+WebCache.m */ = {isa = PBXFileReference; fileEncoding = 4; lastKnownFileType = sourcecode.c.objc; path = "UIImageView+WebCache.m"; sourceTree = "<group>"; };
		8E6257381A08A24B00AC79B7 /* libMobClickLibrary.a */ = {isa = PBXFileReference; lastKnownFileType = archive.ar; path = libMobClickLibrary.a; sourceTree = "<group>"; };
		8E6257391A08A24B00AC79B7 /* MobClick.h */ = {isa = PBXFileReference; fileEncoding = 4; lastKnownFileType = sourcecode.c.h; path = MobClick.h; sourceTree = "<group>"; };
		8E6257681A08A61400AC79B7 /* UIKit.framework */ = {isa = PBXFileReference; lastKnownFileType = wrapper.framework; name = UIKit.framework; path = System/Library/Frameworks/UIKit.framework; sourceTree = SDKROOT; };
		8E62576A1A08A69900AC79B7 /* Foundation.framework */ = {isa = PBXFileReference; lastKnownFileType = wrapper.framework; name = Foundation.framework; path = System/Library/Frameworks/Foundation.framework; sourceTree = SDKROOT; };
		8E62576C1A08A71F00AC79B7 /* CoreGraphics.framework */ = {isa = PBXFileReference; lastKnownFileType = wrapper.framework; name = CoreGraphics.framework; path = System/Library/Frameworks/CoreGraphics.framework; sourceTree = SDKROOT; };
		8E9CDC3D1A08A9B200D78F26 /* JBaseViewController.h */ = {isa = PBXFileReference; fileEncoding = 4; lastKnownFileType = sourcecode.c.h; path = JBaseViewController.h; sourceTree = "<group>"; };
		8E9CDC3E1A08A9B200D78F26 /* JBaseViewController.m */ = {isa = PBXFileReference; fileEncoding = 4; lastKnownFileType = sourcecode.c.objc; path = JBaseViewController.m; sourceTree = "<group>"; };
		8E9CDC411A08ADDE00D78F26 /* libsqlite3.dylib */ = {isa = PBXFileReference; lastKnownFileType = "compiled.mach-o.dylib"; name = libsqlite3.dylib; path = usr/lib/libsqlite3.dylib; sourceTree = SDKROOT; };
		8E9CDC431A09BFD300D78F26 /* HomeViewController.h */ = {isa = PBXFileReference; fileEncoding = 4; lastKnownFileType = sourcecode.c.h; path = HomeViewController.h; sourceTree = "<group>"; };
		8E9CDC441A09BFD300D78F26 /* HomeViewController.m */ = {isa = PBXFileReference; fileEncoding = 4; lastKnownFileType = sourcecode.c.objc; path = HomeViewController.m; sourceTree = "<group>"; };
		8EF745271A0B0B89005B47A8 /* PurposeCreateViewController.h */ = {isa = PBXFileReference; fileEncoding = 4; lastKnownFileType = sourcecode.c.h; path = PurposeCreateViewController.h; sourceTree = "<group>"; };
		8EF745281A0B0B89005B47A8 /* PurposeCreateViewController.m */ = {isa = PBXFileReference; fileEncoding = 4; lastKnownFileType = sourcecode.c.objc; path = PurposeCreateViewController.m; sourceTree = "<group>"; };
		8EF7452D1A0B10DE005B47A8 /* UITextField+LabelAndImage.h */ = {isa = PBXFileReference; fileEncoding = 4; lastKnownFileType = sourcecode.c.h; path = "UITextField+LabelAndImage.h"; sourceTree = "<group>"; };
		8EF7452E1A0B10DE005B47A8 /* UITextField+LabelAndImage.m */ = {isa = PBXFileReference; fileEncoding = 4; lastKnownFileType = sourcecode.c.objc; path = "UITextField+LabelAndImage.m"; sourceTree = "<group>"; };
/* End PBXFileReference section */

/* Begin PBXFrameworksBuildPhase section */
		8E62569E1A08A12100AC79B7 /* Frameworks */ = {
			isa = PBXFrameworksBuildPhase;
			buildActionMask = 2147483647;
			files = (
				8E1840061A1EDFF100220A52 /* MessageUI.framework in Frameworks */,
				8E1840041A1EDF6B00220A52 /* Security.framework in Frameworks */,
				8E1840021A1EDF5F00220A52 /* libz.1.2.5.dylib in Frameworks */,
				8E1840001A1EDF5300220A52 /* libicucore.dylib in Frameworks */,
				8E183FFE1A1EDF3A00220A52 /* CoreTelephony.framework in Frameworks */,
				8E183FFC1A1EDF2F00220A52 /* QuartzCore.framework in Frameworks */,
				8E183FFA1A1EDF1F00220A52 /* SystemConfiguration.framework in Frameworks */,
				8E183FF71A1EDEC800220A52 /* ShareSDKFlatShareViewUI.framework in Frameworks */,
				8E9CDC421A08ADDE00D78F26 /* libsqlite3.dylib in Frameworks */,
				8E183FEF1A1EDEC800220A52 /* TencentOpenAPI.framework in Frameworks */,
				8E183FE41A1EDEC800220A52 /* QQConnection.framework in Frameworks */,
				8E183FE91A1EDEC800220A52 /* TwitterConnection.framework in Frameworks */,
				8E62576D1A08A71F00AC79B7 /* CoreGraphics.framework in Frameworks */,
				8E183FF51A1EDEC800220A52 /* ShareSDK.framework in Frameworks */,
				8E183FE81A1EDEC800220A52 /* TencentWeiboConnection.framework in Frameworks */,
				8E183FF11A1EDEC800220A52 /* libSinaWeiboSDK.a in Frameworks */,
				8E183FF81A1EDEC800220A52 /* ShareSDKShareActionSheet.framework in Frameworks */,
				8E183FEA1A1EDEC800220A52 /* WeChatConnection.framework in Frameworks */,
				8E62576B1A08A69900AC79B7 /* Foundation.framework in Frameworks */,
				8E183FE51A1EDEC800220A52 /* QZoneConnection.framework in Frameworks */,
				8E183FE61A1EDEC800220A52 /* SinaWeiboConnection.framework in Frameworks */,
				8E183FEE1A1EDEC800220A52 /* ShareSDKCoreService.framework in Frameworks */,
				8E183FF31A1EDEC800220A52 /* libTCWeiboSDK.a in Frameworks */,
				8E183FE71A1EDEC800220A52 /* SMSConnection.framework in Frameworks */,
				8E183FF41A1EDEC800220A52 /* libWeChatSDK.a in Frameworks */,
				8E6257691A08A61400AC79B7 /* UIKit.framework in Frameworks */,
				8E6257671A08A24B00AC79B7 /* libMobClickLibrary.a in Frameworks */,
				8E183FE21A1EDEC800220A52 /* FacebookConnection.framework in Frameworks */,
				8E183FE11A1EDEC800220A52 /* CopyConnection.framework in Frameworks */,
				8E183FE31A1EDEC800220A52 /* MailConnection.framework in Frameworks */,
				8E183FEB1A1EDEC800220A52 /* AGCommon.framework in Frameworks */,
			);
			runOnlyForDeploymentPostprocessing = 0;
		};
		8E6256B71A08A12100AC79B7 /* Frameworks */ = {
			isa = PBXFrameworksBuildPhase;
			buildActionMask = 2147483647;
			files = (
			);
			runOnlyForDeploymentPostprocessing = 0;
		};
/* End PBXFrameworksBuildPhase section */

/* Begin PBXGroup section */
		06D954841B283BDD00D937ED /* DataModel */ = {
			isa = PBXGroup;
			children = (
				06D954851B283BDD00D937ED /* JModel_Member.h */,
				06D954861B283BDD00D937ED /* JModel_Member.m */,
				06D954871B283BDD00D937ED /* JModel_Base.h */,
				06D954881B283BDD00D937ED /* JModel_Base.m */,
				06D954891B283BDD00D937ED /* JModel_PPForm.h */,
				06D9548A1B283BDD00D937ED /* JModel_PPForm.m */,
				06D9548B1B283BDD00D937ED /* JModel_Purpose.h */,
				06D9548C1B283BDD00D937ED /* JModel_Purpose.m */,
			);
			path = DataModel;
			sourceTree = "<group>";
		};
		06D954911B283E9800D937ED /* AFNetworking */ = {
			isa = PBXGroup;
			children = (
				06D954921B283E9800D937ED /* AFNetworking */,
				06D954A61B283E9800D937ED /* UIKit+AFNetworking */,
			);
			path = AFNetworking;
			sourceTree = "<group>";
		};
		06D954921B283E9800D937ED /* AFNetworking */ = {
			isa = PBXGroup;
			children = (
				06D954C91B283F4900D937ED /* AFNetworkReachability.h */,
				06D954CA1B283F4900D937ED /* AFNetworkReachability.m */,
				06D954931B283E9800D937ED /* AFHTTPRequestOperation.h */,
				06D954941B283E9800D937ED /* AFHTTPRequestOperation.m */,
				06D954951B283E9800D937ED /* AFHTTPRequestOperationManager.h */,
				06D954961B283E9800D937ED /* AFHTTPRequestOperationManager.m */,
				06D954971B283E9800D937ED /* AFHTTPSessionManager.h */,
				06D954981B283E9800D937ED /* AFHTTPSessionManager.m */,
				06D954991B283E9800D937ED /* AFNetworking.h */,
				06D9549A1B283E9800D937ED /* AFNetworkReachabilityManager.h */,
				06D9549B1B283E9800D937ED /* AFNetworkReachabilityManager.m */,
				06D9549C1B283E9800D937ED /* AFSecurityPolicy.h */,
				06D9549D1B283E9800D937ED /* AFSecurityPolicy.m */,
				06D9549E1B283E9800D937ED /* AFURLConnectionOperation.h */,
				06D9549F1B283E9800D937ED /* AFURLConnectionOperation.m */,
				06D954A01B283E9800D937ED /* AFURLRequestSerialization.h */,
				06D954A11B283E9800D937ED /* AFURLRequestSerialization.m */,
				06D954A21B283E9800D937ED /* AFURLResponseSerialization.h */,
				06D954A31B283E9800D937ED /* AFURLResponseSerialization.m */,
				06D954A41B283E9800D937ED /* AFURLSessionManager.h */,
				06D954A51B283E9800D937ED /* AFURLSessionManager.m */,
			);
			path = AFNetworking;
			sourceTree = "<group>";
		};
		06D954A61B283E9800D937ED /* UIKit+AFNetworking */ = {
			isa = PBXGroup;
			children = (
				06D954A71B283E9800D937ED /* AFNetworkActivityIndicatorManager.h */,
				06D954A81B283E9800D937ED /* AFNetworkActivityIndicatorManager.m */,
				06D954A91B283E9800D937ED /* UIActivityIndicatorView+AFNetworking.h */,
				06D954AA1B283E9800D937ED /* UIActivityIndicatorView+AFNetworking.m */,
				06D954AB1B283E9800D937ED /* UIAlertView+AFNetworking.h */,
				06D954AC1B283E9800D937ED /* UIAlertView+AFNetworking.m */,
				06D954AD1B283E9800D937ED /* UIButton+AFNetworking.h */,
				06D954AE1B283E9800D937ED /* UIButton+AFNetworking.m */,
				06D954AF1B283E9800D937ED /* UIImageView+AFNetworking.h */,
				06D954B01B283E9800D937ED /* UIImageView+AFNetworking.m */,
				06D954B11B283E9800D937ED /* UIKit+AFNetworking.h */,
				06D954B21B283E9800D937ED /* UIProgressView+AFNetworking.h */,
				06D954B31B283E9800D937ED /* UIProgressView+AFNetworking.m */,
				06D954B41B283E9800D937ED /* UIRefreshControl+AFNetworking.h */,
				06D954B51B283E9800D937ED /* UIRefreshControl+AFNetworking.m */,
				06D954B61B283E9800D937ED /* UIWebView+AFNetworking.h */,
				06D954B71B283E9800D937ED /* UIWebView+AFNetworking.m */,
			);
			path = "UIKit+AFNetworking";
			sourceTree = "<group>";
		};
		06D954CF1B2876C400D937ED /* CustomView */ = {
			isa = PBXGroup;
			children = (
				06D954D01B2876C400D937ED /* MyPicker */,
			);
			path = CustomView;
			sourceTree = "<group>";
		};
		06D954D01B2876C400D937ED /* MyPicker */ = {
			isa = PBXGroup;
			children = (
				06D954D11B2876C400D937ED /* JView_MyPicker.h */,
				06D954D21B2876C400D937ED /* JView_MyPicker.m */,
			);
			path = MyPicker;
			sourceTree = "<group>";
		};
		8E183FBA1A1EDEC800220A52 /* ShareSDK */ = {
			isa = PBXGroup;
			children = (
				8E183FBB1A1EDEC800220A52 /* Connection */,
				8E183FC61A1EDEC800220A52 /* Core */,
				8E183FCD1A1EDEC800220A52 /* Extend */,
				8E183FDC1A1EDEC800220A52 /* ShareSDK.framework */,
				8E183FDD1A1EDEC800220A52 /* UI */,
			);
			path = ShareSDK;
			sourceTree = "<group>";
		};
		8E183FBB1A1EDEC800220A52 /* Connection */ = {
			isa = PBXGroup;
			children = (
				8E183FBC1A1EDEC800220A52 /* CopyConnection.framework */,
				8E183FBD1A1EDEC800220A52 /* FacebookConnection.framework */,
				8E183FBE1A1EDEC800220A52 /* MailConnection.framework */,
				8E183FBF1A1EDEC800220A52 /* QQConnection.framework */,
				8E183FC01A1EDEC800220A52 /* QZoneConnection.framework */,
				8E183FC11A1EDEC800220A52 /* SinaWeiboConnection.framework */,
				8E183FC21A1EDEC800220A52 /* SMSConnection.framework */,
				8E183FC31A1EDEC800220A52 /* TencentWeiboConnection.framework */,
				8E183FC41A1EDEC800220A52 /* TwitterConnection.framework */,
				8E183FC51A1EDEC800220A52 /* WeChatConnection.framework */,
			);
			path = Connection;
			sourceTree = "<group>";
		};
		8E183FC61A1EDEC800220A52 /* Core */ = {
			isa = PBXGroup;
			children = (
				8E183FC71A1EDEC800220A52 /* AGCommon.framework */,
				8E183FC81A1EDEC800220A52 /* ShareSDKLocalizable.strings */,
				8E183FCA1A1EDEC800220A52 /* Resource.bundle */,
				8E183FCB1A1EDEC800220A52 /* ShareSDKCoreService.framework */,
			);
			path = Core;
			sourceTree = "<group>";
		};
		8E183FCD1A1EDEC800220A52 /* Extend */ = {
			isa = PBXGroup;
			children = (
				8E183FCE1A1EDEC800220A52 /* QQConnectSDK */,
				8E183FD11A1EDEC800220A52 /* SinaWeiboSDK */,
				8E183FD51A1EDEC800220A52 /* TencentWeiboSDK */,
				8E183FD81A1EDEC800220A52 /* WeChatSDK */,
			);
			path = Extend;
			sourceTree = "<group>";
		};
		8E183FCE1A1EDEC800220A52 /* QQConnectSDK */ = {
			isa = PBXGroup;
			children = (
				8E183FCF1A1EDEC800220A52 /* TencentOpenAPI.framework */,
				8E183FD01A1EDEC800220A52 /* TencentOpenApi_IOS_Bundle.bundle */,
			);
			path = QQConnectSDK;
			sourceTree = "<group>";
		};
		8E183FD11A1EDEC800220A52 /* SinaWeiboSDK */ = {
			isa = PBXGroup;
			children = (
				8E183FD21A1EDEC800220A52 /* libSinaWeiboSDK.a */,
				8E183FD31A1EDEC800220A52 /* WeiboSDK.bundle */,
				8E183FD41A1EDEC800220A52 /* WeiboSDK.h */,
			);
			path = SinaWeiboSDK;
			sourceTree = "<group>";
		};
		8E183FD51A1EDEC800220A52 /* TencentWeiboSDK */ = {
			isa = PBXGroup;
			children = (
				8E183FD61A1EDEC800220A52 /* libTCWeiboSDK.a */,
				8E183FD71A1EDEC800220A52 /* WeiboApi.h */,
			);
			path = TencentWeiboSDK;
			sourceTree = "<group>";
		};
		8E183FD81A1EDEC800220A52 /* WeChatSDK */ = {
			isa = PBXGroup;
			children = (
				8E183FD91A1EDEC800220A52 /* libWeChatSDK.a */,
				8E183FDA1A1EDEC800220A52 /* WXApi.h */,
				8E183FDB1A1EDEC800220A52 /* WXApiObject.h */,
			);
			path = WeChatSDK;
			sourceTree = "<group>";
		};
		8E183FDD1A1EDEC800220A52 /* UI */ = {
			isa = PBXGroup;
			children = (
				8E183FDE1A1EDEC800220A52 /* ShareSDKFlatShareViewUI.bundle */,
				8E183FDF1A1EDEC800220A52 /* ShareSDKFlatShareViewUI.framework */,
				8E183FE01A1EDEC800220A52 /* ShareSDKShareActionSheet.framework */,
			);
			path = UI;
			sourceTree = "<group>";
		};
		8E1840071A1EF03A00220A52 /* View */ = {
			isa = PBXGroup;
			children = (
				06D954CF1B2876C400D937ED /* CustomView */,
				8E1840091A1EF13200220A52 /* PurposeItemView.swift */,
				8E1840081A1EF13100220A52 /* Youyi-Bridging-Header.h */,
				8E18400B1A1F10F500220A52 /* GlobalConfig-Swift.swift */,
			);
			path = View;
			sourceTree = "<group>";
		};
		8E5E36491A3A8E93009CB1DF /* PPRecord */ = {
			isa = PBXGroup;
			children = (
				8E5E364A1A3A8F35009CB1DF /* PurposeRecordViewController.swift */,
			);
			name = PPRecord;
			sourceTree = "<group>";
		};
		8E5E364E1A3A9DED009CB1DF /* ZFCalendar */ = {
			isa = PBXGroup;
			children = (
				8E5E364F1A3A9DED009CB1DF /* CalendarDayCell.h */,
				8E5E36501A3A9DED009CB1DF /* CalendarDayCell.m */,
				8E5E36511A3A9DED009CB1DF /* CalendarDayModel.h */,
				8E5E36521A3A9DED009CB1DF /* CalendarDayModel.m */,
				8E5E36531A3A9DED009CB1DF /* CalendarHomeViewController.h */,
				8E5E36541A3A9DED009CB1DF /* CalendarHomeViewController.m */,
				8E5E36551A3A9DED009CB1DF /* CalendarLogic.h */,
				8E5E36561A3A9DED009CB1DF /* CalendarLogic.m */,
				8E5E36571A3A9DED009CB1DF /* CalendarMonthCollectionViewLayout.h */,
				8E5E36581A3A9DED009CB1DF /* CalendarMonthCollectionViewLayout.m */,
				8E5E36591A3A9DED009CB1DF /* CalendarMonthHeaderView.h */,
				8E5E365A1A3A9DED009CB1DF /* CalendarMonthHeaderView.m */,
				8E5E365B1A3A9DED009CB1DF /* CalendarViewController.h */,
				8E5E365C1A3A9DED009CB1DF /* CalendarViewController.m */,
				8E5E365D1A3A9DED009CB1DF /* chack.png */,
				8E5E365E1A3A9DED009CB1DF /* Color.h */,
				8E5E365F1A3A9DED009CB1DF /* NSDate+WQCalendarLogic.h */,
				8E5E36601A3A9DED009CB1DF /* NSDate+WQCalendarLogic.m */,
			);
			path = ZFCalendar;
			sourceTree = "<group>";
		};
		8E6256981A08A12100AC79B7 = {
			isa = PBXGroup;
			children = (
				8E183FBA1A1EDEC800220A52 /* ShareSDK */,
				8E6256A31A08A12100AC79B7 /* Youyi */,
				8E6256BD1A08A12100AC79B7 /* YouyiTests */,
				8E6256A21A08A12100AC79B7 /* Products */,
				8E9CDC401A08ABC100D78F26 /* Frameworks */,
			);
			sourceTree = "<group>";
		};
		8E6256A21A08A12100AC79B7 /* Products */ = {
			isa = PBXGroup;
			children = (
				8E6256A11A08A12100AC79B7 /* Youyi.app */,
				8E6256BA1A08A12100AC79B7 /* YouyiTests.xctest */,
			);
			name = Products;
			sourceTree = "<group>";
		};
		8E6256A31A08A12100AC79B7 /* Youyi */ = {
			isa = PBXGroup;
			children = (
				06D954841B283BDD00D937ED /* DataModel */,
				8E1840071A1EF03A00220A52 /* View */,
				8E9CDC3C1A08A9B200D78F26 /* ViewController */,
				8E6256CA1A08A24B00AC79B7 /* GlobalInfo */,
				8E6256CD1A08A24B00AC79B7 /* Lib */,
				8E6256A81A08A12100AC79B7 /* AppDelegate.h */,
				8E6256A91A08A12100AC79B7 /* AppDelegate.m */,
				8E6256AB1A08A12100AC79B7 /* ViewController.h */,
				8E6256AC1A08A12100AC79B7 /* ViewController.m */,
				8E6256AE1A08A12100AC79B7 /* Main.storyboard */,
				8E6256B11A08A12100AC79B7 /* Images.xcassets */,
				8E6256B31A08A12100AC79B7 /* LaunchScreen.xib */,
				8E6256A41A08A12100AC79B7 /* Supporting Files */,
			);
			path = Youyi;
			sourceTree = "<group>";
		};
		8E6256A41A08A12100AC79B7 /* Supporting Files */ = {
			isa = PBXGroup;
			children = (
				8E6256A51A08A12100AC79B7 /* Info.plist */,
				8E6256A61A08A12100AC79B7 /* main.m */,
			);
			name = "Supporting Files";
			sourceTree = "<group>";
		};
		8E6256BD1A08A12100AC79B7 /* YouyiTests */ = {
			isa = PBXGroup;
			children = (
				8E6256C01A08A12100AC79B7 /* YouyiTests.m */,
				8E6256BE1A08A12100AC79B7 /* Supporting Files */,
			);
			path = YouyiTests;
			sourceTree = "<group>";
		};
		8E6256BE1A08A12100AC79B7 /* Supporting Files */ = {
			isa = PBXGroup;
			children = (
				8E6256BF1A08A12100AC79B7 /* Info.plist */,
			);
			name = "Supporting Files";
			sourceTree = "<group>";
		};
		8E6256CA1A08A24B00AC79B7 /* GlobalInfo */ = {
			isa = PBXGroup;
			children = (
				8E6256CB1A08A24B00AC79B7 /* GlobalConfig.h */,
				8E6256CC1A08A24B00AC79B7 /* MarkedWordsConfig.h */,
			);
			path = GlobalInfo;
			sourceTree = "<group>";
		};
		8E6256CD1A08A24B00AC79B7 /* Lib */ = {
			isa = PBXGroup;
			children = (
				06D954911B283E9800D937ED /* AFNetworking */,
				8E5E364E1A3A9DED009CB1DF /* ZFCalendar */,
				8E6256E81A08A24B00AC79B7 /* Common */,
				8E6256FC1A08A24B00AC79B7 /* FMDB */,
				8E6257081A08A24B00AC79B7 /* GuidePage */,
				8E62570B1A08A24B00AC79B7 /* MJRefresh */,
				8E62571C1A08A24B00AC79B7 /* OpenUDID */,
				8E62571F1A08A24B00AC79B7 /* ProgressHUD */,
				8E6257221A08A24B00AC79B7 /* SDWebImage */,
				8E6257371A08A24B00AC79B7 /* UMeng */,
			);
			path = Lib;
			sourceTree = "<group>";
		};
		8E6256E81A08A24B00AC79B7 /* Common */ = {
			isa = PBXGroup;
			children = (
				8E6256E91A08A24B00AC79B7 /* NSData+Base64.h */,
				8E6256EA1A08A24B00AC79B7 /* NSData+Base64.m */,
				8E6256EB1A08A24B00AC79B7 /* NSData+UTF_8.h */,
				8E6256EC1A08A24B00AC79B7 /* NSData+UTF_8.m */,
				8E6256ED1A08A24B00AC79B7 /* NSObject+PGPerformSelectorOnMainThreadWithThreeObjects.h */,
				8E6256EE1A08A24B00AC79B7 /* NSObject+PGPerformSelectorOnMainThreadWithThreeObjects.m */,
				8E6256EF1A08A24B00AC79B7 /* NSString+Base64.h */,
				8E6256F01A08A24B00AC79B7 /* NSString+Base64.m */,
				8E6256F11A08A24B00AC79B7 /* Toast+UIView.h */,
				8E6256F21A08A24B00AC79B7 /* Toast+UIView.m */,
				8E6256F31A08A24B00AC79B7 /* UIDevice-Hardware.h */,
				8E6256F41A08A24B00AC79B7 /* UIDevice-Hardware.m */,
				8E6256F51A08A24B00AC79B7 /* UIView+SuperView.h */,
				8E6256F61A08A24B00AC79B7 /* UIView+SuperView.m */,
				8E6256F71A08A24B00AC79B7 /* XCommon.h */,
				8E6256F81A08A24B00AC79B7 /* XCommon.m */,
				8EF7452D1A0B10DE005B47A8 /* UITextField+LabelAndImage.h */,
				8EF7452E1A0B10DE005B47A8 /* UITextField+LabelAndImage.m */,
			);
			path = Common;
			sourceTree = "<group>";
		};
		8E6256FC1A08A24B00AC79B7 /* FMDB */ = {
			isa = PBXGroup;
			children = (
				8E6256FD1A08A24B00AC79B7 /* FMDatabase.h */,
				8E6256FE1A08A24B00AC79B7 /* FMDatabase.m */,
				8E6256FF1A08A24B00AC79B7 /* FMDatabaseAdditions.h */,
				8E6257001A08A24B00AC79B7 /* FMDatabaseAdditions.m */,
				8E6257011A08A24B00AC79B7 /* FMDatabasePool.h */,
				8E6257021A08A24B00AC79B7 /* FMDatabasePool.m */,
				8E6257031A08A24B00AC79B7 /* FMDatabaseQueue.h */,
				8E6257041A08A24B00AC79B7 /* FMDatabaseQueue.m */,
				8E6257051A08A24B00AC79B7 /* FMDB.h */,
				8E6257061A08A24B00AC79B7 /* FMResultSet.h */,
				8E6257071A08A24B00AC79B7 /* FMResultSet.m */,
			);
			path = FMDB;
			sourceTree = "<group>";
		};
		8E6257081A08A24B00AC79B7 /* GuidePage */ = {
			isa = PBXGroup;
			children = (
				8E6257091A08A24B00AC79B7 /* GuideViewController.h */,
				8E62570A1A08A24B00AC79B7 /* GuideViewController.m */,
			);
			path = GuidePage;
			sourceTree = "<group>";
		};
		8E62570B1A08A24B00AC79B7 /* MJRefresh */ = {
			isa = PBXGroup;
			children = (
				8E62570C1A08A24B00AC79B7 /* MJRefresh.bundle */,
				8E62570D1A08A24B00AC79B7 /* MJRefresh.h */,
				8E62570E1A08A24B00AC79B7 /* MJRefreshBaseView.h */,
				8E62570F1A08A24B00AC79B7 /* MJRefreshBaseView.m */,
				8E6257101A08A24B00AC79B7 /* MJRefreshConst.h */,
				8E6257111A08A24B00AC79B7 /* MJRefreshConst.m */,
				8E6257121A08A24B00AC79B7 /* MJRefreshFooterView.h */,
				8E6257131A08A24B00AC79B7 /* MJRefreshFooterView.m */,
				8E6257141A08A24B00AC79B7 /* MJRefreshHeaderView.h */,
				8E6257151A08A24B00AC79B7 /* MJRefreshHeaderView.m */,
				8E6257161A08A24B00AC79B7 /* UIScrollView+Extension.h */,
				8E6257171A08A24B00AC79B7 /* UIScrollView+Extension.m */,
				8E6257181A08A24B00AC79B7 /* UIScrollView+MJRefresh.h */,
				8E6257191A08A24B00AC79B7 /* UIScrollView+MJRefresh.m */,
				8E62571A1A08A24B00AC79B7 /* UIView+Extension.h */,
				8E62571B1A08A24B00AC79B7 /* UIView+Extension.m */,
			);
			path = MJRefresh;
			sourceTree = "<group>";
		};
		8E62571C1A08A24B00AC79B7 /* OpenUDID */ = {
			isa = PBXGroup;
			children = (
				8E62571D1A08A24B00AC79B7 /* OpenUDID.h */,
				8E62571E1A08A24B00AC79B7 /* OpenUDID.m */,
			);
			path = OpenUDID;
			sourceTree = "<group>";
		};
		8E62571F1A08A24B00AC79B7 /* ProgressHUD */ = {
			isa = PBXGroup;
			children = (
				8E6257201A08A24B00AC79B7 /* MBProgressHUD.h */,
				8E6257211A08A24B00AC79B7 /* MBProgressHUD.m */,
			);
			path = ProgressHUD;
			sourceTree = "<group>";
		};
		8E6257221A08A24B00AC79B7 /* SDWebImage */ = {
			isa = PBXGroup;
			children = (
				8E6257231A08A24B00AC79B7 /* MKAnnotationView+WebCache.h */,
				8E6257241A08A24B00AC79B7 /* MKAnnotationView+WebCache.m */,
				8E6257251A08A24B00AC79B7 /* SDImageCache.h */,
				8E6257261A08A24B00AC79B7 /* SDImageCache.m */,
				8E6257271A08A24B00AC79B7 /* SDImageCacheDelegate.h */,
				8E6257281A08A24B00AC79B7 /* SDWebImageCompat.h */,
				8E6257291A08A24B00AC79B7 /* SDWebImageDecoder.h */,
				8E62572A1A08A24B00AC79B7 /* SDWebImageDecoder.m */,
				8E62572B1A08A24B00AC79B7 /* SDWebImageDownloader.h */,
				8E62572C1A08A24B00AC79B7 /* SDWebImageDownloader.m */,
				8E62572D1A08A24B00AC79B7 /* SDWebImageDownloaderDelegate.h */,
				8E62572E1A08A24B00AC79B7 /* SDWebImageManager.h */,
				8E62572F1A08A24B00AC79B7 /* SDWebImageManager.m */,
				8E6257301A08A24B00AC79B7 /* SDWebImageManagerDelegate.h */,
				8E6257311A08A24B00AC79B7 /* SDWebImagePrefetcher.h */,
				8E6257321A08A24B00AC79B7 /* SDWebImagePrefetcher.m */,
				8E6257331A08A24B00AC79B7 /* UIButton+WebCache.h */,
				8E6257341A08A24B00AC79B7 /* UIButton+WebCache.m */,
				8E6257351A08A24B00AC79B7 /* UIImageView+WebCache.h */,
				8E6257361A08A24B00AC79B7 /* UIImageView+WebCache.m */,
			);
			path = SDWebImage;
			sourceTree = "<group>";
		};
		8E6257371A08A24B00AC79B7 /* UMeng */ = {
			isa = PBXGroup;
			children = (
				8E6257381A08A24B00AC79B7 /* libMobClickLibrary.a */,
				8E6257391A08A24B00AC79B7 /* MobClick.h */,
			);
			path = UMeng;
			sourceTree = "<group>";
		};
		8E9CDC3C1A08A9B200D78F26 /* ViewController */ = {
			isa = PBXGroup;
			children = (
				8E5E36491A3A8E93009CB1DF /* PPRecord */,
				8EFA58511A23253700D058C8 /* UserCenter */,
				8EF745261A0B0B3F005B47A8 /* Purpose */,
				8E9CDC3D1A08A9B200D78F26 /* JBaseViewController.h */,
				8E9CDC3E1A08A9B200D78F26 /* JBaseViewController.m */,
				8E9CDC431A09BFD300D78F26 /* HomeViewController.h */,
				8E9CDC441A09BFD300D78F26 /* HomeViewController.m */,
			);
			path = ViewController;
			sourceTree = "<group>";
		};
		8E9CDC401A08ABC100D78F26 /* Frameworks */ = {
			isa = PBXGroup;
			children = (
				8E1840051A1EDFF100220A52 /* MessageUI.framework */,
				8E1840031A1EDF6B00220A52 /* Security.framework */,
				8E1840011A1EDF5F00220A52 /* libz.1.2.5.dylib */,
				8E183FFF1A1EDF5300220A52 /* libicucore.dylib */,
				8E183FFD1A1EDF3A00220A52 /* CoreTelephony.framework */,
				8E183FFB1A1EDF2F00220A52 /* QuartzCore.framework */,
				8E183FF91A1EDF1F00220A52 /* SystemConfiguration.framework */,
				8E9CDC411A08ADDE00D78F26 /* libsqlite3.dylib */,
				8E62576C1A08A71F00AC79B7 /* CoreGraphics.framework */,
				8E6257681A08A61400AC79B7 /* UIKit.framework */,
				8E62576A1A08A69900AC79B7 /* Foundation.framework */,
			);
			name = Frameworks;
			path = Youyi;
			sourceTree = "<group>";
		};
		8EF745261A0B0B3F005B47A8 /* Purpose */ = {
			isa = PBXGroup;
			children = (
				8EF745271A0B0B89005B47A8 /* PurposeCreateViewController.h */,
				8EF745281A0B0B89005B47A8 /* PurposeCreateViewController.m */,
				8E1C52121A120B39005A24C5 /* PurposeTimeSetViewController.h */,
				8E1C52131A120B39005A24C5 /* PurposeTimeSetViewController.m */,
			);
			name = Purpose;
			sourceTree = "<group>";
		};
		8EFA58511A23253700D058C8 /* UserCenter */ = {
			isa = PBXGroup;
			children = (
				8E5143861A25651100EAC511 /* UserCenterViewController.swift */,
				8E5143881A257E8A00EAC511 /* ThirdLoginViewController.h */,
				8E5143891A257E8A00EAC511 /* ThirdLoginViewController.m */,
			);
			name = UserCenter;
			sourceTree = "<group>";
		};
/* End PBXGroup section */

/* Begin PBXNativeTarget section */
		8E6256A01A08A12100AC79B7 /* Youyi */ = {
			isa = PBXNativeTarget;
			buildConfigurationList = 8E6256C41A08A12100AC79B7 /* Build configuration list for PBXNativeTarget "Youyi" */;
			buildPhases = (
				8E62569D1A08A12100AC79B7 /* Sources */,
				8E62569E1A08A12100AC79B7 /* Frameworks */,
				8E62569F1A08A12100AC79B7 /* Resources */,
			);
			buildRules = (
			);
			dependencies = (
			);
			name = Youyi;
			productName = Youyi;
			productReference = 8E6256A11A08A12100AC79B7 /* Youyi.app */;
			productType = "com.apple.product-type.application";
		};
		8E6256B91A08A12100AC79B7 /* YouyiTests */ = {
			isa = PBXNativeTarget;
			buildConfigurationList = 8E6256C71A08A12100AC79B7 /* Build configuration list for PBXNativeTarget "YouyiTests" */;
			buildPhases = (
				8E6256B61A08A12100AC79B7 /* Sources */,
				8E6256B71A08A12100AC79B7 /* Frameworks */,
				8E6256B81A08A12100AC79B7 /* Resources */,
			);
			buildRules = (
			);
			dependencies = (
				8E6256BC1A08A12100AC79B7 /* PBXTargetDependency */,
			);
			name = YouyiTests;
			productName = YouyiTests;
			productReference = 8E6256BA1A08A12100AC79B7 /* YouyiTests.xctest */;
			productType = "com.apple.product-type.bundle.unit-test";
		};
/* End PBXNativeTarget section */

/* Begin PBXProject section */
		8E6256991A08A12100AC79B7 /* Project object */ = {
			isa = PBXProject;
			attributes = {
				LastUpgradeCheck = 0610;
				ORGANIZATIONNAME = xieguocheng;
				TargetAttributes = {
					8E6256A01A08A12100AC79B7 = {
						CreatedOnToolsVersion = 6.1;
						DevelopmentTeam = N82DC23VCZ;
					};
					8E6256B91A08A12100AC79B7 = {
						CreatedOnToolsVersion = 6.1;
						TestTargetID = 8E6256A01A08A12100AC79B7;
					};
				};
			};
			buildConfigurationList = 8E62569C1A08A12100AC79B7 /* Build configuration list for PBXProject "Youyi" */;
			compatibilityVersion = "Xcode 3.2";
			developmentRegion = English;
			hasScannedForEncodings = 0;
			knownRegions = (
				en,
				Base,
				"zh-Hans",
			);
			mainGroup = 8E6256981A08A12100AC79B7;
			productRefGroup = 8E6256A21A08A12100AC79B7 /* Products */;
			projectDirPath = "";
			projectRoot = "";
			targets = (
				8E6256A01A08A12100AC79B7 /* Youyi */,
				8E6256B91A08A12100AC79B7 /* YouyiTests */,
			);
		};
/* End PBXProject section */

/* Begin PBXResourcesBuildPhase section */
		8E62569F1A08A12100AC79B7 /* Resources */ = {
			isa = PBXResourcesBuildPhase;
			buildActionMask = 2147483647;
			files = (
				8E6256B01A08A12100AC79B7 /* Main.storyboard in Resources */,
				8E6256B51A08A12100AC79B7 /* LaunchScreen.xib in Resources */,
				8E183FEC1A1EDEC800220A52 /* ShareSDKLocalizable.strings in Resources */,
				8E183FED1A1EDEC800220A52 /* Resource.bundle in Resources */,
				8E183FF61A1EDEC800220A52 /* ShareSDKFlatShareViewUI.bundle in Resources */,
				8E183FF01A1EDEC800220A52 /* TencentOpenApi_IOS_Bundle.bundle in Resources */,
				8E5E36681A3A9DED009CB1DF /* chack.png in Resources */,
				8E6257551A08A24B00AC79B7 /* MJRefresh.bundle in Resources */,
				8E6256B21A08A12100AC79B7 /* Images.xcassets in Resources */,
				8E183FF21A1EDEC800220A52 /* WeiboSDK.bundle in Resources */,
			);
			runOnlyForDeploymentPostprocessing = 0;
		};
		8E6256B81A08A12100AC79B7 /* Resources */ = {
			isa = PBXResourcesBuildPhase;
			buildActionMask = 2147483647;
			files = (
			);
			runOnlyForDeploymentPostprocessing = 0;
		};
/* End PBXResourcesBuildPhase section */

/* Begin PBXSourcesBuildPhase section */
		8E62569D1A08A12100AC79B7 /* Sources */ = {
			isa = PBXSourcesBuildPhase;
			buildActionMask = 2147483647;
			files = (
				8E6257581A08A24B00AC79B7 /* MJRefreshFooterView.m in Sources */,
				8E6257631A08A24B00AC79B7 /* SDWebImageManager.m in Sources */,
				8E6257591A08A24B00AC79B7 /* MJRefreshHeaderView.m in Sources */,
				8E62574C1A08A24B00AC79B7 /* UIView+SuperView.m in Sources */,
				8E5E36631A3A9DED009CB1DF /* CalendarHomeViewController.m in Sources */,
				06D9548D1B283BDD00D937ED /* JModel_Member.m in Sources */,
				8E6257661A08A24B00AC79B7 /* UIImageView+WebCache.m in Sources */,
				8E62575C1A08A24B00AC79B7 /* UIView+Extension.m in Sources */,
				06D954BD1B283E9800D937ED /* AFURLConnectionOperation.m in Sources */,
				8EF7452F1A0B10DE005B47A8 /* UITextField+LabelAndImage.m in Sources */,
				8E62575A1A08A24B00AC79B7 /* UIScrollView+Extension.m in Sources */,
				8EF745291A0B0B89005B47A8 /* PurposeCreateViewController.m in Sources */,
				06D9548F1B283BDD00D937ED /* JModel_PPForm.m in Sources */,
				8E1C52141A120B39005A24C5 /* PurposeTimeSetViewController.m in Sources */,
				8E6257461A08A24B00AC79B7 /* NSData+Base64.m in Sources */,
				06D954C61B283E9800D937ED /* UIProgressView+AFNetworking.m in Sources */,
				8E6256AD1A08A12100AC79B7 /* ViewController.m in Sources */,
				8E6257471A08A24B00AC79B7 /* NSData+UTF_8.m in Sources */,
				06D954C21B283E9800D937ED /* UIActivityIndicatorView+AFNetworking.m in Sources */,
				06D954D31B2876C400D937ED /* JView_MyPicker.m in Sources */,
				8E5E36691A3A9DED009CB1DF /* NSDate+WQCalendarLogic.m in Sources */,
				8E6256AA1A08A12100AC79B7 /* AppDelegate.m in Sources */,
				8E5E36651A3A9DED009CB1DF /* CalendarMonthCollectionViewLayout.m in Sources */,
				8E6257481A08A24B00AC79B7 /* NSObject+PGPerformSelectorOnMainThreadWithThreeObjects.m in Sources */,
				8E6257491A08A24B00AC79B7 /* NSString+Base64.m in Sources */,
				06D954B81B283E9800D937ED /* AFHTTPRequestOperation.m in Sources */,
				06D954BB1B283E9800D937ED /* AFNetworkReachabilityManager.m in Sources */,
				8E6257511A08A24B00AC79B7 /* FMDatabasePool.m in Sources */,
				8E62574F1A08A24B00AC79B7 /* FMDatabase.m in Sources */,
				06D954C11B283E9800D937ED /* AFNetworkActivityIndicatorManager.m in Sources */,
				8E5E36621A3A9DED009CB1DF /* CalendarDayModel.m in Sources */,
				8E5E364B1A3A8F35009CB1DF /* PurposeRecordViewController.swift in Sources */,
				8E6257601A08A24B00AC79B7 /* SDImageCache.m in Sources */,
				8E62575D1A08A24B00AC79B7 /* OpenUDID.m in Sources */,
				06D954BF1B283E9800D937ED /* AFURLResponseSerialization.m in Sources */,
				8E62575E1A08A24B00AC79B7 /* MBProgressHUD.m in Sources */,
				8E6257541A08A24B00AC79B7 /* GuideViewController.m in Sources */,
				06D954BC1B283E9800D937ED /* AFSecurityPolicy.m in Sources */,
				8E6257621A08A24B00AC79B7 /* SDWebImageDownloader.m in Sources */,
				8E5E36641A3A9DED009CB1DF /* CalendarLogic.m in Sources */,
				8E6257561A08A24B00AC79B7 /* MJRefreshBaseView.m in Sources */,
				8E6257521A08A24B00AC79B7 /* FMDatabaseQueue.m in Sources */,
				8E51438A1A257E8A00EAC511 /* ThirdLoginViewController.m in Sources */,
				06D954901B283BDD00D937ED /* JModel_Purpose.m in Sources */,
				8E6257531A08A24B00AC79B7 /* FMResultSet.m in Sources */,
				8E6257611A08A24B00AC79B7 /* SDWebImageDecoder.m in Sources */,
				8E18400A1A1EF13200220A52 /* PurposeItemView.swift in Sources */,
				06D954C81B283E9800D937ED /* UIWebView+AFNetworking.m in Sources */,
				06D954BA1B283E9800D937ED /* AFHTTPSessionManager.m in Sources */,
				8E62574B1A08A24B00AC79B7 /* UIDevice-Hardware.m in Sources */,
				8E62574D1A08A24B00AC79B7 /* XCommon.m in Sources */,
				06D954CB1B283F4900D937ED /* AFNetworkReachability.m in Sources */,
				8E6257571A08A24B00AC79B7 /* MJRefreshConst.m in Sources */,
				06D954C71B283E9800D937ED /* UIRefreshControl+AFNetworking.m in Sources */,
				8E6257641A08A24B00AC79B7 /* SDWebImagePrefetcher.m in Sources */,
				8E9CDC451A09BFD300D78F26 /* HomeViewController.m in Sources */,
				8E9CDC3F1A08A9B200D78F26 /* JBaseViewController.m in Sources */,
				06D954C01B283E9800D937ED /* AFURLSessionManager.m in Sources */,
				06D954C41B283E9800D937ED /* UIButton+AFNetworking.m in Sources */,
				8E6256A71A08A12100AC79B7 /* main.m in Sources */,
				06D9548E1B283BDD00D937ED /* JModel_Base.m in Sources */,
				8E62575F1A08A24B00AC79B7 /* MKAnnotationView+WebCache.m in Sources */,
				8E6257501A08A24B00AC79B7 /* FMDatabaseAdditions.m in Sources */,
				8E5E36611A3A9DED009CB1DF /* CalendarDayCell.m in Sources */,
				06D954BE1B283E9800D937ED /* AFURLRequestSerialization.m in Sources */,
				06D954B91B283E9800D937ED /* AFHTTPRequestOperationManager.m in Sources */,
				06D954C51B283E9800D937ED /* UIImageView+AFNetworking.m in Sources */,
				06D954C31B283E9800D937ED /* UIAlertView+AFNetworking.m in Sources */,
				8E5143871A25651100EAC511 /* UserCenterViewController.swift in Sources */,
				8E5E36661A3A9DED009CB1DF /* CalendarMonthHeaderView.m in Sources */,
				8E62574A1A08A24B00AC79B7 /* Toast+UIView.m in Sources */,
				8E5E36671A3A9DED009CB1DF /* CalendarViewController.m in Sources */,
				8E62575B1A08A24B00AC79B7 /* UIScrollView+MJRefresh.m in Sources */,
				8E6257651A08A24B00AC79B7 /* UIButton+WebCache.m in Sources */,
				8E18400C1A1F10F500220A52 /* GlobalConfig-Swift.swift in Sources */,
			);
			runOnlyForDeploymentPostprocessing = 0;
		};
		8E6256B61A08A12100AC79B7 /* Sources */ = {
			isa = PBXSourcesBuildPhase;
			buildActionMask = 2147483647;
			files = (
				8E6256C11A08A12100AC79B7 /* YouyiTests.m in Sources */,
			);
			runOnlyForDeploymentPostprocessing = 0;
		};
/* End PBXSourcesBuildPhase section */

/* Begin PBXTargetDependency section */
		8E6256BC1A08A12100AC79B7 /* PBXTargetDependency */ = {
			isa = PBXTargetDependency;
			target = 8E6256A01A08A12100AC79B7 /* Youyi */;
			targetProxy = 8E6256BB1A08A12100AC79B7 /* PBXContainerItemProxy */;
		};
/* End PBXTargetDependency section */

/* Begin PBXVariantGroup section */
		8E183FC81A1EDEC800220A52 /* ShareSDKLocalizable.strings */ = {
			isa = PBXVariantGroup;
			children = (
				8E183FC91A1EDEC800220A52 /* en */,
				8E183FCC1A1EDEC800220A52 /* zh-Hans */,
			);
			name = ShareSDKLocalizable.strings;
			sourceTree = "<group>";
		};
		8E6256AE1A08A12100AC79B7 /* Main.storyboard */ = {
			isa = PBXVariantGroup;
			children = (
				8E6256AF1A08A12100AC79B7 /* Base */,
			);
			name = Main.storyboard;
			sourceTree = "<group>";
		};
		8E6256B31A08A12100AC79B7 /* LaunchScreen.xib */ = {
			isa = PBXVariantGroup;
			children = (
				8E6256B41A08A12100AC79B7 /* Base */,
			);
			name = LaunchScreen.xib;
			sourceTree = "<group>";
		};
/* End PBXVariantGroup section */

/* Begin XCBuildConfiguration section */
		8E6256C21A08A12100AC79B7 /* Debug */ = {
			isa = XCBuildConfiguration;
			buildSettings = {
				ALWAYS_SEARCH_USER_PATHS = NO;
				CLANG_CXX_LANGUAGE_STANDARD = "gnu++0x";
				CLANG_CXX_LIBRARY = "libc++";
				CLANG_ENABLE_MODULES = YES;
				CLANG_ENABLE_OBJC_ARC = YES;
				CLANG_WARN_BOOL_CONVERSION = YES;
				CLANG_WARN_CONSTANT_CONVERSION = YES;
				CLANG_WARN_DIRECT_OBJC_ISA_USAGE = YES_ERROR;
				CLANG_WARN_EMPTY_BODY = YES;
				CLANG_WARN_ENUM_CONVERSION = YES;
				CLANG_WARN_INT_CONVERSION = YES;
				CLANG_WARN_OBJC_ROOT_CLASS = YES_ERROR;
				CLANG_WARN_UNREACHABLE_CODE = YES;
				CLANG_WARN__DUPLICATE_METHOD_MATCH = YES;
				"CODE_SIGN_IDENTITY[sdk=iphoneos*]" = "iPhone Developer";
				COPY_PHASE_STRIP = NO;
				ENABLE_STRICT_OBJC_MSGSEND = YES;
				GCC_C_LANGUAGE_STANDARD = gnu99;
				GCC_DYNAMIC_NO_PIC = NO;
				GCC_OPTIMIZATION_LEVEL = 0;
				GCC_PREPROCESSOR_DEFINITIONS = (
					"DEBUG=1",
					"$(inherited)",
				);
				GCC_SYMBOLS_PRIVATE_EXTERN = NO;
				GCC_WARN_64_TO_32_BIT_CONVERSION = YES;
				GCC_WARN_ABOUT_RETURN_TYPE = YES_ERROR;
				GCC_WARN_UNDECLARED_SELECTOR = YES;
				GCC_WARN_UNINITIALIZED_AUTOS = YES_AGGRESSIVE;
				GCC_WARN_UNUSED_FUNCTION = YES;
				GCC_WARN_UNUSED_VARIABLE = YES;
				IPHONEOS_DEPLOYMENT_TARGET = 8.1;
				MTL_ENABLE_DEBUG_INFO = YES;
				ONLY_ACTIVE_ARCH = YES;
				SDKROOT = iphoneos;
			};
			name = Debug;
		};
		8E6256C31A08A12100AC79B7 /* Release */ = {
			isa = XCBuildConfiguration;
			buildSettings = {
				ALWAYS_SEARCH_USER_PATHS = NO;
				CLANG_CXX_LANGUAGE_STANDARD = "gnu++0x";
				CLANG_CXX_LIBRARY = "libc++";
				CLANG_ENABLE_MODULES = YES;
				CLANG_ENABLE_OBJC_ARC = YES;
				CLANG_WARN_BOOL_CONVERSION = YES;
				CLANG_WARN_CONSTANT_CONVERSION = YES;
				CLANG_WARN_DIRECT_OBJC_ISA_USAGE = YES_ERROR;
				CLANG_WARN_EMPTY_BODY = YES;
				CLANG_WARN_ENUM_CONVERSION = YES;
				CLANG_WARN_INT_CONVERSION = YES;
				CLANG_WARN_OBJC_ROOT_CLASS = YES_ERROR;
				CLANG_WARN_UNREACHABLE_CODE = YES;
				CLANG_WARN__DUPLICATE_METHOD_MATCH = YES;
				"CODE_SIGN_IDENTITY[sdk=iphoneos*]" = "iPhone Developer";
				COPY_PHASE_STRIP = YES;
				ENABLE_NS_ASSERTIONS = NO;
				ENABLE_STRICT_OBJC_MSGSEND = YES;
				GCC_C_LANGUAGE_STANDARD = gnu99;
				GCC_WARN_64_TO_32_BIT_CONVERSION = YES;
				GCC_WARN_ABOUT_RETURN_TYPE = YES_ERROR;
				GCC_WARN_UNDECLARED_SELECTOR = YES;
				GCC_WARN_UNINITIALIZED_AUTOS = YES_AGGRESSIVE;
				GCC_WARN_UNUSED_FUNCTION = YES;
				GCC_WARN_UNUSED_VARIABLE = YES;
				IPHONEOS_DEPLOYMENT_TARGET = 8.1;
				MTL_ENABLE_DEBUG_INFO = NO;
				SDKROOT = iphoneos;
				VALIDATE_PRODUCT = YES;
			};
			name = Release;
		};
		8E6256C51A08A12100AC79B7 /* Debug */ = {
			isa = XCBuildConfiguration;
			buildSettings = {
				ASSETCATALOG_COMPILER_APPICON_NAME = AppIcon;
				CLANG_ENABLE_MODULES = YES;
				CODE_SIGN_IDENTITY = "iPhone Developer: Guocheng Xie (PFEM6M5HW8)";
				ENABLE_STRICT_OBJC_MSGSEND = NO;
				FRAMEWORK_SEARCH_PATHS = (
					"$(inherited)",
					"$(PROJECT_DIR)/ShareSDK/Connection",
					"$(PROJECT_DIR)/ShareSDK/Core",
					"$(PROJECT_DIR)/ShareSDK/Extend/QQConnectSDK",
					"$(PROJECT_DIR)/ShareSDK",
					"$(PROJECT_DIR)/ShareSDK/UI",
				);
				INFOPLIST_FILE = Youyi/Info.plist;
				IPHONEOS_DEPLOYMENT_TARGET = 7.0;
				LD_RUNPATH_SEARCH_PATHS = "$(inherited) @executable_path/Frameworks";
				LIBRARY_SEARCH_PATHS = (
					"$(inherited)",
					"$(PROJECT_DIR)/Youyi/Lib/UMeng",
					"$(PROJECT_DIR)/ShareSDK/Extend/SinaWeiboSDK",
					"$(PROJECT_DIR)/ShareSDK/Extend/TencentWeiboSDK",
					"$(PROJECT_DIR)/ShareSDK/Extend/WeChatSDK",
				);
				PRODUCT_MODULE_NAME = SwiftModule;
				PRODUCT_NAME = "$(TARGET_NAME)";
				PROVISIONING_PROFILE = "8a0c936f-4869-49ca-bc46-b8d0f149a413";
				SWIFT_INCLUDE_PATHS = "";
				SWIFT_OBJC_BRIDGING_HEADER = "Youyi/View/Youyi-Bridging-Header.h";
				SWIFT_OPTIMIZATION_LEVEL = "-Onone";
			};
			name = Debug;
		};
		8E6256C61A08A12100AC79B7 /* Release */ = {
			isa = XCBuildConfiguration;
			buildSettings = {
				ASSETCATALOG_COMPILER_APPICON_NAME = AppIcon;
				CLANG_ENABLE_MODULES = YES;
				CODE_SIGN_IDENTITY = "iPhone Developer: Guocheng Xie (PFEM6M5HW8)";
				ENABLE_STRICT_OBJC_MSGSEND = NO;
				FRAMEWORK_SEARCH_PATHS = (
					"$(inherited)",
					"$(PROJECT_DIR)/ShareSDK/Connection",
					"$(PROJECT_DIR)/ShareSDK/Core",
					"$(PROJECT_DIR)/ShareSDK/Extend/QQConnectSDK",
					"$(PROJECT_DIR)/ShareSDK",
					"$(PROJECT_DIR)/ShareSDK/UI",
				);
				INFOPLIST_FILE = Youyi/Info.plist;
				IPHONEOS_DEPLOYMENT_TARGET = 7.0;
				LD_RUNPATH_SEARCH_PATHS = "$(inherited) @executable_path/Frameworks";
				LIBRARY_SEARCH_PATHS = (
					"$(inherited)",
					"$(PROJECT_DIR)/Youyi/Lib/UMeng",
					"$(PROJECT_DIR)/ShareSDK/Extend/SinaWeiboSDK",
					"$(PROJECT_DIR)/ShareSDK/Extend/TencentWeiboSDK",
					"$(PROJECT_DIR)/ShareSDK/Extend/WeChatSDK",
				);
				PRODUCT_MODULE_NAME = SwiftModule;
				PRODUCT_NAME = "$(TARGET_NAME)";
				PROVISIONING_PROFILE = "8a0c936f-4869-49ca-bc46-b8d0f149a413";
				SWIFT_INCLUDE_PATHS = "";
				SWIFT_OBJC_BRIDGING_HEADER = "Youyi/View/Youyi-Bridging-Header.h";
			};
			name = Release;
		};
		8E6256C81A08A12100AC79B7 /* Debug */ = {
			isa = XCBuildConfiguration;
			buildSettings = {
				BUNDLE_LOADER = "$(TEST_HOST)";
				FRAMEWORK_SEARCH_PATHS = (
					"$(SDKROOT)/Developer/Library/Frameworks",
					"$(inherited)",
				);
				GCC_PREPROCESSOR_DEFINITIONS = (
					"DEBUG=1",
					"$(inherited)",
				);
				INFOPLIST_FILE = YouyiTests/Info.plist;
				LD_RUNPATH_SEARCH_PATHS = "$(inherited) @executable_path/Frameworks @loader_path/Frameworks";
				PRODUCT_NAME = "$(TARGET_NAME)";
				TEST_HOST = "$(BUILT_PRODUCTS_DIR)/Youyi.app/Youyi";
			};
			name = Debug;
		};
		8E6256C91A08A12100AC79B7 /* Release */ = {
			isa = XCBuildConfiguration;
			buildSettings = {
				BUNDLE_LOADER = "$(TEST_HOST)";
				FRAMEWORK_SEARCH_PATHS = (
					"$(SDKROOT)/Developer/Library/Frameworks",
					"$(inherited)",
				);
				INFOPLIST_FILE = YouyiTests/Info.plist;
				LD_RUNPATH_SEARCH_PATHS = "$(inherited) @executable_path/Frameworks @loader_path/Frameworks";
				PRODUCT_NAME = "$(TARGET_NAME)";
				TEST_HOST = "$(BUILT_PRODUCTS_DIR)/Youyi.app/Youyi";
			};
			name = Release;
		};
/* End XCBuildConfiguration section */

/* Begin XCConfigurationList section */
		8E62569C1A08A12100AC79B7 /* Build configuration list for PBXProject "Youyi" */ = {
			isa = XCConfigurationList;
			buildConfigurations = (
				8E6256C21A08A12100AC79B7 /* Debug */,
				8E6256C31A08A12100AC79B7 /* Release */,
			);
			defaultConfigurationIsVisible = 0;
			defaultConfigurationName = Release;
		};
		8E6256C41A08A12100AC79B7 /* Build configuration list for PBXNativeTarget "Youyi" */ = {
			isa = XCConfigurationList;
			buildConfigurations = (
				8E6256C51A08A12100AC79B7 /* Debug */,
				8E6256C61A08A12100AC79B7 /* Release */,
			);
			defaultConfigurationIsVisible = 0;
			defaultConfigurationName = Release;
		};
		8E6256C71A08A12100AC79B7 /* Build configuration list for PBXNativeTarget "YouyiTests" */ = {
			isa = XCConfigurationList;
			buildConfigurations = (
				8E6256C81A08A12100AC79B7 /* Debug */,
				8E6256C91A08A12100AC79B7 /* Release */,
			);
			defaultConfigurationIsVisible = 0;
			defaultConfigurationName = Release;
		};
/* End XCConfigurationList section */
	};
	rootObject = 8E6256991A08A12100AC79B7 /* Project object */;
}
